PODS:
  - Alamofire (4.7.2)
  - Eureka (4.1.1)
  - KeychainSwift (11.0.0)
  - QRCode (2.0)
  - Realm (3.7.1):
    - Realm/Headers (= 3.7.1)
  - Realm/Headers (3.7.1)
  - RealmSwift (3.7.1):
    - Realm (= 3.7.1)
  - RNCryptor (5.0.3)
  - RxCocoa (4.2.0):
    - RxSwift (~> 4.0)
  - RxSwift (4.2.0)

DEPENDENCIES:
  - Alamofire
  - Eureka
  - KeychainSwift (~> 11.0)
  - QRCode
  - Realm
  - RealmSwift
  - RNCryptor (~> 5.0)
  - RxCocoa
  - RxSwift

SPEC REPOS:
  https://github.com/cocoapods/specs.git:
    - Alamofire
    - Eureka
    - KeychainSwift
    - QRCode
    - Realm
    - RealmSwift
    - RNCryptor
    - RxCocoa
    - RxSwift

SPEC CHECKSUMS:
  Alamofire: e4fa87002c137ba2d8d634d2c51fabcda0d5c223
  Eureka: b88fb930e42c79f8c03c373d0fcdc28c1d6c50ed
  KeychainSwift: bea6bd9f98af7b8d7ca4aa79fe105c00fab532db
  QRCode: f98a1886c8f37523704a7512a4c0cd45b34c18a4
  Realm: 906be37d52f17f25484ac01643a7f26a9d3bfbd5
  RealmSwift: 1c2b6bae3dc55bb87e080ffa96537d71442f6dce
  RNCryptor: c93d19029dcf7ff160aca0f24d6c9e7b0d82f664
  RxCocoa: 0b54909c902e1e581212a03e690bbd94032d8baa
  RxSwift: 99e10317ddfcc7fbe01356aafd118fde4a0be104

PODFILE CHECKSUM: 9c6fbad6b616a84dc1a5fa57f3cf52922db5dcf7

COCOAPODS: 1.5.3
