// !$*UTF8*$!
{
	archiveVersion = 1;
	classes = {
	};
	objectVersion = 50;
	objects = {

/* Begin PBXBuildFile section */
		2C279B7320F783DF00D2F6C4 /* SendCurrencyViewController.swift in Sources */ = {isa = PBXBuildFile; fileRef = 2C279B7220F783DF00D2F6C4 /* SendCurrencyViewController.swift */; };
		2C279B7520F7844300D2F6C4 /* SendCurrencyFlowController.swift in Sources */ = {isa = PBXBuildFile; fileRef = 2C279B7420F7844300D2F6C4 /* SendCurrencyFlowController.swift */; };
		2C279B7720F7A29A00D2F6C4 /* ReceiveViewController.swift in Sources */ = {isa = PBXBuildFile; fileRef = 2C279B7620F7A29A00D2F6C4 /* ReceiveViewController.swift */; };
		2C279B7920F7A4A100D2F6C4 /* ReceiveFlowController.swift in Sources */ = {isa = PBXBuildFile; fileRef = 2C279B7820F7A4A100D2F6C4 /* ReceiveFlowController.swift */; };
		2C279B7B20F7AEAC00D2F6C4 /* TxViewController.swift in Sources */ = {isa = PBXBuildFile; fileRef = 2C279B7A20F7AEAC00D2F6C4 /* TxViewController.swift */; };
		2C279B7D20F7AEDD00D2F6C4 /* BaseTableViewController.swift in Sources */ = {isa = PBXBuildFile; fileRef = 2C279B7C20F7AEDD00D2F6C4 /* BaseTableViewController.swift */; };
		2C279B7F20F7B53200D2F6C4 /* TxFlowController.swift in Sources */ = {isa = PBXBuildFile; fileRef = 2C279B7E20F7B53200D2F6C4 /* TxFlowController.swift */; };
		2C2ACFC120F3AEED00C637D8 /* TestCell.xib in Resources */ = {isa = PBXBuildFile; fileRef = 2C2ACFC020F3AEED00C637D8 /* TestCell.xib */; };
		2C2ACFC320F3B86600C637D8 /* Double+extension.swift in Sources */ = {isa = PBXBuildFile; fileRef = 2C2ACFC220F3B86600C637D8 /* Double+extension.swift */; };
		2C2ACFCB20F3CBB600C637D8 /* WalletGuideCell.swift in Sources */ = {isa = PBXBuildFile; fileRef = 2C2ACFCA20F3CBB600C637D8 /* WalletGuideCell.swift */; };
		2C2ACFCD20F3CE9800C637D8 /* Create.storyboard in Resources */ = {isa = PBXBuildFile; fileRef = 2C2ACFCC20F3CE9800C637D8 /* Create.storyboard */; };
		2C2ACFCF20F3D8EB00C637D8 /* CreateViewController.swift in Sources */ = {isa = PBXBuildFile; fileRef = 2C2ACFCE20F3D8EB00C637D8 /* CreateViewController.swift */; };
		2C2ACFD120F3DD1800C637D8 /* CreateFlowController.swift in Sources */ = {isa = PBXBuildFile; fileRef = 2C2ACFD020F3DD1800C637D8 /* CreateFlowController.swift */; };
		2C2ACFD320F43EE500C637D8 /* WhiteTextField.swift in Sources */ = {isa = PBXBuildFile; fileRef = 2C2ACFD220F43EE500C637D8 /* WhiteTextField.swift */; };
		2C2ACFD520F4427F00C637D8 /* ImportViewController.swift in Sources */ = {isa = PBXBuildFile; fileRef = 2C2ACFD420F4427F00C637D8 /* ImportViewController.swift */; };
		2C2ACFD720F442E400C637D8 /* ImportFlowController.swift in Sources */ = {isa = PBXBuildFile; fileRef = 2C2ACFD620F442E400C637D8 /* ImportFlowController.swift */; };
		2C2ACFD920F4524A00C637D8 /* GrayButton.swift in Sources */ = {isa = PBXBuildFile; fileRef = 2C2ACFD820F4524A00C637D8 /* GrayButton.swift */; };
		2C2ACFDB20F4607700C637D8 /* FindAccountViewController.swift in Sources */ = {isa = PBXBuildFile; fileRef = 2C2ACFDA20F4607700C637D8 /* FindAccountViewController.swift */; };
		2C2ACFDD20F4608800C637D8 /* TextInputViewController.swift in Sources */ = {isa = PBXBuildFile; fileRef = 2C2ACFDC20F4608800C637D8 /* TextInputViewController.swift */; };
		2C2ACFDF20F46B3300C637D8 /* FindFlowController.swift in Sources */ = {isa = PBXBuildFile; fileRef = 2C2ACFDE20F46B3300C637D8 /* FindFlowController.swift */; };
		2C2ACFE120F4758900C637D8 /* Auth.storyboard in Resources */ = {isa = PBXBuildFile; fileRef = 2C2ACFE020F4758900C637D8 /* Auth.storyboard */; };
		2C2ACFE320F476F900C637D8 /* PincodeView.swift in Sources */ = {isa = PBXBuildFile; fileRef = 2C2ACFE220F476F900C637D8 /* PincodeView.swift */; };
		2C2ACFE520F47C1900C637D8 /* PinCodeViewController.swift in Sources */ = {isa = PBXBuildFile; fileRef = 2C2ACFE420F47C1900C637D8 /* PinCodeViewController.swift */; };
		2C2ACFE720F47CA200C637D8 /* CreatePinFlowController.swift in Sources */ = {isa = PBXBuildFile; fileRef = 2C2ACFE620F47CA200C637D8 /* CreatePinFlowController.swift */; };
		2C2ACFED20F48E1D00C637D8 /* UIButton+extension.swift in Sources */ = {isa = PBXBuildFile; fileRef = 2C2ACFEC20F48E1D00C637D8 /* UIButton+extension.swift */; };
		2C2ACFF520F49DCA00C637D8 /* FaceIdInputView.xib in Resources */ = {isa = PBXBuildFile; fileRef = 2C2ACFF420F49DCA00C637D8 /* FaceIdInputView.xib */; };
		2C2ACFF720F49F5100C637D8 /* FaceIdInputView.swift in Sources */ = {isa = PBXBuildFile; fileRef = 2C2ACFF620F49F5100C637D8 /* FaceIdInputView.swift */; };
		2C2ACFF920F4A3DE00C637D8 /* ConfirmPinFlowController.swift in Sources */ = {isa = PBXBuildFile; fileRef = 2C2ACFF820F4A3DE00C637D8 /* ConfirmPinFlowController.swift */; };
		2C2ACFFB20F4A3E800C637D8 /* ValidationPinFlowController.swift in Sources */ = {isa = PBXBuildFile; fileRef = 2C2ACFFA20F4A3E800C637D8 /* ValidationPinFlowController.swift */; };
		2C2ACFFD20F4B9A900C637D8 /* PurpleButton.swift in Sources */ = {isa = PBXBuildFile; fileRef = 2C2ACFFC20F4B9A900C637D8 /* PurpleButton.swift */; };
		2C2ACFFF20F4E51700C637D8 /* BPCell.swift in Sources */ = {isa = PBXBuildFile; fileRef = 2C2ACFFE20F4E51700C637D8 /* BPCell.swift */; };
		2CE110A920F1C31000B93BEB /* AppDelegate.swift in Sources */ = {isa = PBXBuildFile; fileRef = 2CE110A820F1C31000B93BEB /* AppDelegate.swift */; };
		2CE110AE20F1C31000B93BEB /* Intro.storyboard in Resources */ = {isa = PBXBuildFile; fileRef = 2CE110AC20F1C31000B93BEB /* Intro.storyboard */; };
		2CE110B320F1C31300B93BEB /* LaunchScreen.storyboard in Resources */ = {isa = PBXBuildFile; fileRef = 2CE110B120F1C31300B93BEB /* LaunchScreen.storyboard */; };
		2CE110BE20F1C31400B93BEB /* eoshubTests.swift in Sources */ = {isa = PBXBuildFile; fileRef = 2CE110BD20F1C31400B93BEB /* eoshubTests.swift */; };
		2CE110D320F1C4E700B93BEB /* FlowController.swift in Sources */ = {isa = PBXBuildFile; fileRef = 2CE110CF20F1C4E700B93BEB /* FlowController.swift */; };
		2CE110D420F1C4E700B93BEB /* MainFlowController.swift in Sources */ = {isa = PBXBuildFile; fileRef = 2CE110D020F1C4E700B93BEB /* MainFlowController.swift */; };
		2CE110D520F1C4E700B93BEB /* FlowConfigure.swift in Sources */ = {isa = PBXBuildFile; fileRef = 2CE110D120F1C4E700B93BEB /* FlowConfigure.swift */; };
		2CE110D620F1C4E700B93BEB /* FlowEventDelegate.swift in Sources */ = {isa = PBXBuildFile; fileRef = 2CE110D220F1C4E700B93BEB /* FlowEventDelegate.swift */; };
		2CE110D920F1C52900B93BEB /* LoginViewController.swift in Sources */ = {isa = PBXBuildFile; fileRef = 2CE110D820F1C52900B93BEB /* LoginViewController.swift */; };
		2CE110DB20F1C8AC00B93BEB /* Images.xcassets in Resources */ = {isa = PBXBuildFile; fileRef = 2CE110DA20F1C8AC00B93BEB /* Images.xcassets */; };
		2CE110DD20F1C96B00B93BEB /* JSON.swift in Sources */ = {isa = PBXBuildFile; fileRef = 2CE110DC20F1C96B00B93BEB /* JSON.swift */; };
		2CE110E520F1C9B300B93BEB /* String+extension.swift in Sources */ = {isa = PBXBuildFile; fileRef = 2CE110DE20F1C9B200B93BEB /* String+extension.swift */; };
		2CE110E620F1C9B300B93BEB /* Hex.swift in Sources */ = {isa = PBXBuildFile; fileRef = 2CE110DF20F1C9B200B93BEB /* Hex.swift */; };
		2CE110E720F1C9B300B93BEB /* DispatchQueue.swift in Sources */ = {isa = PBXBuildFile; fileRef = 2CE110E020F1C9B200B93BEB /* DispatchQueue.swift */; };
		2CE110E820F1C9B300B93BEB /* Date+extension.swift in Sources */ = {isa = PBXBuildFile; fileRef = 2CE110E120F1C9B200B93BEB /* Date+extension.swift */; };
		2CE110E920F1C9B300B93BEB /* DBObject.swift in Sources */ = {isa = PBXBuildFile; fileRef = 2CE110E220F1C9B200B93BEB /* DBObject.swift */; };
		2CE110EA20F1C9B300B93BEB /* Observable+extension.swift in Sources */ = {isa = PBXBuildFile; fileRef = 2CE110E320F1C9B300B93BEB /* Observable+extension.swift */; };
		2CE110EB20F1C9B300B93BEB /* Character+extension.swift in Sources */ = {isa = PBXBuildFile; fileRef = 2CE110E420F1C9B300B93BEB /* Character+extension.swift */; };
		2CE110EF20F1C9D600B93BEB /* LoginFlowController.swift in Sources */ = {isa = PBXBuildFile; fileRef = 2CE110EE20F1C9D600B93BEB /* LoginFlowController.swift */; };
		2CE110F120F1D65400B93BEB /* Color.swift in Sources */ = {isa = PBXBuildFile; fileRef = 2CE110F020F1D65400B93BEB /* Color.swift */; };
		2CE110F320F1DAF700B93BEB /* BaseViewController.swift in Sources */ = {isa = PBXBuildFile; fileRef = 2CE110F220F1DAF700B93BEB /* BaseViewController.swift */; };
		2CE110F520F1DCEC00B93BEB /* TermViewController.swift in Sources */ = {isa = PBXBuildFile; fileRef = 2CE110F420F1DCEC00B93BEB /* TermViewController.swift */; };
		2CE110F720F1E00D00B93BEB /* TermFlowController.swift in Sources */ = {isa = PBXBuildFile; fileRef = 2CE110F620F1E00D00B93BEB /* TermFlowController.swift */; };
		2CE110FA20F1EBE600B93BEB /* UIView+extension.swift in Sources */ = {isa = PBXBuildFile; fileRef = 2CE110F920F1EBE600B93BEB /* UIView+extension.swift */; };
		2CE110FC20F1EC8600B93BEB /* RoundedButton.swift in Sources */ = {isa = PBXBuildFile; fileRef = 2CE110FB20F1EC8600B93BEB /* RoundedButton.swift */; };
		2CE110FE20F1ED6500B93BEB /* LoginButton.swift in Sources */ = {isa = PBXBuildFile; fileRef = 2CE110FD20F1ED6500B93BEB /* LoginButton.swift */; };
		2CE1110020F1EDB000B93BEB /* WalletViewController.swift in Sources */ = {isa = PBXBuildFile; fileRef = 2CE110FF20F1EDB000B93BEB /* WalletViewController.swift */; };
		2CE1110220F1EE9C00B93BEB /* WalletFlowController.swift in Sources */ = {isa = PBXBuildFile; fileRef = 2CE1110120F1EE9C00B93BEB /* WalletFlowController.swift */; };
		2CE1110420F1F30200B93BEB /* SettingViewController.swift in Sources */ = {isa = PBXBuildFile; fileRef = 2CE1110320F1F30200B93BEB /* SettingViewController.swift */; };
		2CE1110620F1F76200B93BEB /* SettingFlowController.swift in Sources */ = {isa = PBXBuildFile; fileRef = 2CE1110520F1F76200B93BEB /* SettingFlowController.swift */; };
		2CE1110920F1FA6600B93BEB /* Localizable.strings in Resources */ = {isa = PBXBuildFile; fileRef = 2CE1110B20F1FA6600B93BEB /* Localizable.strings */; };
		2CE1110E20F1FACD00B93BEB /* LocalizedString.swift in Sources */ = {isa = PBXBuildFile; fileRef = 2CE1110D20F1FACD00B93BEB /* LocalizedString.swift */; };
		2CE1111020F2118900B93BEB /* LoginButton.xib in Resources */ = {isa = PBXBuildFile; fileRef = 2CE1110F20F2118900B93BEB /* LoginButton.xib */; };
		2CE1111320F218C700B93BEB /* LoginType.swift in Sources */ = {isa = PBXBuildFile; fileRef = 2CE1111220F218C700B93BEB /* LoginType.swift */; };
		2CE1111520F2395800B93BEB /* Main.storyboard in Resources */ = {isa = PBXBuildFile; fileRef = 2CE1111420F2395800B93BEB /* Main.storyboard */; };
		2CE1111720F23BF600B93BEB /* ExtendButton.swift in Sources */ = {isa = PBXBuildFile; fileRef = 2CE1111620F23BF600B93BEB /* ExtendButton.swift */; };
		2CE1111920F23C1700B93BEB /* BounceButton.swift in Sources */ = {isa = PBXBuildFile; fileRef = 2CE1111820F23C1700B93BEB /* BounceButton.swift */; };
		2CE1111B20F23C7400B93BEB /* CGSize+extension.swift in Sources */ = {isa = PBXBuildFile; fileRef = 2CE1111A20F23C7400B93BEB /* CGSize+extension.swift */; };
		2CE1111D20F23D3800B93BEB /* Dimension.swift in Sources */ = {isa = PBXBuildFile; fileRef = 2CE1111C20F23D3800B93BEB /* Dimension.swift */; };
		2CE1112020F2403100B93BEB /* MenuTabBar.swift in Sources */ = {isa = PBXBuildFile; fileRef = 2CE1111F20F2403100B93BEB /* MenuTabBar.swift */; };
		2CE1112220F242E500B93BEB /* Font.swift in Sources */ = {isa = PBXBuildFile; fileRef = 2CE1112120F242E500B93BEB /* Font.swift */; };
		2CE1112420F24CF200B93BEB /* MainTabViewController.swift in Sources */ = {isa = PBXBuildFile; fileRef = 2CE1112320F24CF200B93BEB /* MainTabViewController.swift */; };
		2CE1112620F2504000B93BEB /* MainTabFlowController.swift in Sources */ = {isa = PBXBuildFile; fileRef = 2CE1112520F2504000B93BEB /* MainTabFlowController.swift */; };
		2CE1112920F252B500B93BEB /* TabBarViewConroller.swift in Sources */ = {isa = PBXBuildFile; fileRef = 2CE1112820F252B500B93BEB /* TabBarViewConroller.swift */; };
		2CE1112C20F263B100B93BEB /* VoteViewController.swift in Sources */ = {isa = PBXBuildFile; fileRef = 2CE1112B20F263B100B93BEB /* VoteViewController.swift */; };
		2CE1112E20F2680100B93BEB /* VoteFlowController.swift in Sources */ = {isa = PBXBuildFile; fileRef = 2CE1112D20F2680100B93BEB /* VoteFlowController.swift */; };
		2CE1113020F26BA300B93BEB /* AirdropViewController.swift in Sources */ = {isa = PBXBuildFile; fileRef = 2CE1112F20F26BA300B93BEB /* AirdropViewController.swift */; };
		2CE1113220F26BD700B93BEB /* AirdropFlowController.swift in Sources */ = {isa = PBXBuildFile; fileRef = 2CE1113120F26BD700B93BEB /* AirdropFlowController.swift */; };
		2CE1113420F26D8000B93BEB /* WalletAddCell.swift in Sources */ = {isa = PBXBuildFile; fileRef = 2CE1113320F26D8000B93BEB /* WalletAddCell.swift */; };
		2CE1113620F26DBB00B93BEB /* WalletAddCell.xib in Resources */ = {isa = PBXBuildFile; fileRef = 2CE1113520F26DBB00B93BEB /* WalletAddCell.xib */; };
		2CE1113820F26DF000B93BEB /* RoundedView.swift in Sources */ = {isa = PBXBuildFile; fileRef = 2CE1113720F26DF000B93BEB /* RoundedView.swift */; };
		2CE1113A20F27BE000B93BEB /* WalletCell.swift in Sources */ = {isa = PBXBuildFile; fileRef = 2CE1113920F27BE000B93BEB /* WalletCell.swift */; };
		2CE1113C20F27C1E00B93BEB /* WalletCell.xib in Resources */ = {isa = PBXBuildFile; fileRef = 2CE1113B20F27C1E00B93BEB /* WalletCell.xib */; };
		2CEC2D4420F63BFF00AF5E9B /* WalletGuideCell.xib in Resources */ = {isa = PBXBuildFile; fileRef = 2CEC2D4320F63BFF00AF5E9B /* WalletGuideCell.xib */; };
		2CEC2D4620F6423000AF5E9B /* AccountManager.swift in Sources */ = {isa = PBXBuildFile; fileRef = 2CEC2D4520F6423000AF5E9B /* AccountManager.swift */; };
		2CEC2D4820F647A500AF5E9B /* Wallet.storyboard in Resources */ = {isa = PBXBuildFile; fileRef = 2CEC2D4720F647A500AF5E9B /* Wallet.storyboard */; };
		2CEC2D4A20F65C3000AF5E9B /* WalletDetailViewController.swift in Sources */ = {isa = PBXBuildFile; fileRef = 2CEC2D4920F65C3000AF5E9B /* WalletDetailViewController.swift */; };
		2CEC2D4C20F65D1500AF5E9B /* StakeProgressBar.swift in Sources */ = {isa = PBXBuildFile; fileRef = 2CEC2D4B20F65D1500AF5E9B /* StakeProgressBar.swift */; };
		2CEC2D4E20F65D8600AF5E9B /* WalletDetailFlowController.swift in Sources */ = {isa = PBXBuildFile; fileRef = 2CEC2D4D20F65D8600AF5E9B /* WalletDetailFlowController.swift */; };
		2CFE954620F3914600DC173F /* MultiProgressBar.swift in Sources */ = {isa = PBXBuildFile; fileRef = 2CFE954520F3914600DC173F /* MultiProgressBar.swift */; };
		2CFE954820F3930200DC173F /* CellType.swift in Sources */ = {isa = PBXBuildFile; fileRef = 2CFE954720F3930200DC173F /* CellType.swift */; };
		2CFE954A20F3947300DC173F /* EOSWalletViewModel.swift in Sources */ = {isa = PBXBuildFile; fileRef = 2CFE954920F3947300DC173F /* EOSWalletViewModel.swift */; };
		B52C07F61076004528A3A4FE /* Pods_eoshubTests.framework in Frameworks */ = {isa = PBXBuildFile; fileRef = FED6084D9ED0A15CBAE17906 /* Pods_eoshubTests.framework */; };
		DAE53D72D1E6BAA58F35A061 /* Pods_eoshub.framework in Frameworks */ = {isa = PBXBuildFile; fileRef = 2FC2CBA2696CDF2187FE8A20 /* Pods_eoshub.framework */; };
/* End PBXBuildFile section */

/* Begin PBXContainerItemProxy section */
		2CE110BA20F1C31300B93BEB /* PBXContainerItemProxy */ = {
			isa = PBXContainerItemProxy;
			containerPortal = 2CE1109D20F1C31000B93BEB /* Project object */;
			proxyType = 1;
			remoteGlobalIDString = 2CE110A420F1C31000B93BEB;
			remoteInfo = eoshub;
		};
/* End PBXContainerItemProxy section */

/* Begin PBXFileReference section */
		2C279B7220F783DF00D2F6C4 /* SendCurrencyViewController.swift */ = {isa = PBXFileReference; lastKnownFileType = sourcecode.swift; path = SendCurrencyViewController.swift; sourceTree = "<group>"; };
		2C279B7420F7844300D2F6C4 /* SendCurrencyFlowController.swift */ = {isa = PBXFileReference; lastKnownFileType = sourcecode.swift; path = SendCurrencyFlowController.swift; sourceTree = "<group>"; };
		2C279B7620F7A29A00D2F6C4 /* ReceiveViewController.swift */ = {isa = PBXFileReference; lastKnownFileType = sourcecode.swift; path = ReceiveViewController.swift; sourceTree = "<group>"; };
		2C279B7820F7A4A100D2F6C4 /* ReceiveFlowController.swift */ = {isa = PBXFileReference; lastKnownFileType = sourcecode.swift; path = ReceiveFlowController.swift; sourceTree = "<group>"; };
		2C279B7A20F7AEAC00D2F6C4 /* TxViewController.swift */ = {isa = PBXFileReference; lastKnownFileType = sourcecode.swift; path = TxViewController.swift; sourceTree = "<group>"; };
		2C279B7C20F7AEDD00D2F6C4 /* BaseTableViewController.swift */ = {isa = PBXFileReference; lastKnownFileType = sourcecode.swift; path = BaseTableViewController.swift; sourceTree = "<group>"; };
		2C279B7E20F7B53200D2F6C4 /* TxFlowController.swift */ = {isa = PBXFileReference; lastKnownFileType = sourcecode.swift; path = TxFlowController.swift; sourceTree = "<group>"; };
		2C2ACFC020F3AEED00C637D8 /* TestCell.xib */ = {isa = PBXFileReference; lastKnownFileType = file.xib; path = TestCell.xib; sourceTree = "<group>"; };
		2C2ACFC220F3B86600C637D8 /* Double+extension.swift */ = {isa = PBXFileReference; lastKnownFileType = sourcecode.swift; path = "Double+extension.swift"; sourceTree = "<group>"; };
		2C2ACFCA20F3CBB600C637D8 /* WalletGuideCell.swift */ = {isa = PBXFileReference; lastKnownFileType = sourcecode.swift; path = WalletGuideCell.swift; sourceTree = "<group>"; };
		2C2ACFCC20F3CE9800C637D8 /* Create.storyboard */ = {isa = PBXFileReference; lastKnownFileType = file.storyboard; path = Create.storyboard; sourceTree = "<group>"; };
		2C2ACFCE20F3D8EB00C637D8 /* CreateViewController.swift */ = {isa = PBXFileReference; lastKnownFileType = sourcecode.swift; path = CreateViewController.swift; sourceTree = "<group>"; };
		2C2ACFD020F3DD1800C637D8 /* CreateFlowController.swift */ = {isa = PBXFileReference; lastKnownFileType = sourcecode.swift; path = CreateFlowController.swift; sourceTree = "<group>"; };
		2C2ACFD220F43EE500C637D8 /* WhiteTextField.swift */ = {isa = PBXFileReference; lastKnownFileType = sourcecode.swift; path = WhiteTextField.swift; sourceTree = "<group>"; };
		2C2ACFD420F4427F00C637D8 /* ImportViewController.swift */ = {isa = PBXFileReference; lastKnownFileType = sourcecode.swift; path = ImportViewController.swift; sourceTree = "<group>"; };
		2C2ACFD620F442E400C637D8 /* ImportFlowController.swift */ = {isa = PBXFileReference; lastKnownFileType = sourcecode.swift; path = ImportFlowController.swift; sourceTree = "<group>"; };
		2C2ACFD820F4524A00C637D8 /* GrayButton.swift */ = {isa = PBXFileReference; lastKnownFileType = sourcecode.swift; path = GrayButton.swift; sourceTree = "<group>"; };
		2C2ACFDA20F4607700C637D8 /* FindAccountViewController.swift */ = {isa = PBXFileReference; lastKnownFileType = sourcecode.swift; path = FindAccountViewController.swift; sourceTree = "<group>"; };
		2C2ACFDC20F4608800C637D8 /* TextInputViewController.swift */ = {isa = PBXFileReference; lastKnownFileType = sourcecode.swift; path = TextInputViewController.swift; sourceTree = "<group>"; };
		2C2ACFDE20F46B3300C637D8 /* FindFlowController.swift */ = {isa = PBXFileReference; lastKnownFileType = sourcecode.swift; path = FindFlowController.swift; sourceTree = "<group>"; };
		2C2ACFE020F4758900C637D8 /* Auth.storyboard */ = {isa = PBXFileReference; lastKnownFileType = file.storyboard; path = Auth.storyboard; sourceTree = "<group>"; };
		2C2ACFE220F476F900C637D8 /* PincodeView.swift */ = {isa = PBXFileReference; lastKnownFileType = sourcecode.swift; path = PincodeView.swift; sourceTree = "<group>"; };
		2C2ACFE420F47C1900C637D8 /* PinCodeViewController.swift */ = {isa = PBXFileReference; lastKnownFileType = sourcecode.swift; path = PinCodeViewController.swift; sourceTree = "<group>"; };
		2C2ACFE620F47CA200C637D8 /* CreatePinFlowController.swift */ = {isa = PBXFileReference; lastKnownFileType = sourcecode.swift; path = CreatePinFlowController.swift; sourceTree = "<group>"; };
		2C2ACFEC20F48E1D00C637D8 /* UIButton+extension.swift */ = {isa = PBXFileReference; lastKnownFileType = sourcecode.swift; path = "UIButton+extension.swift"; sourceTree = "<group>"; };
		2C2ACFF420F49DCA00C637D8 /* FaceIdInputView.xib */ = {isa = PBXFileReference; lastKnownFileType = file.xib; path = FaceIdInputView.xib; sourceTree = "<group>"; };
		2C2ACFF620F49F5100C637D8 /* FaceIdInputView.swift */ = {isa = PBXFileReference; lastKnownFileType = sourcecode.swift; path = FaceIdInputView.swift; sourceTree = "<group>"; };
		2C2ACFF820F4A3DE00C637D8 /* ConfirmPinFlowController.swift */ = {isa = PBXFileReference; lastKnownFileType = sourcecode.swift; path = ConfirmPinFlowController.swift; sourceTree = "<group>"; };
		2C2ACFFA20F4A3E800C637D8 /* ValidationPinFlowController.swift */ = {isa = PBXFileReference; lastKnownFileType = sourcecode.swift; path = ValidationPinFlowController.swift; sourceTree = "<group>"; };
		2C2ACFFC20F4B9A900C637D8 /* PurpleButton.swift */ = {isa = PBXFileReference; lastKnownFileType = sourcecode.swift; path = PurpleButton.swift; sourceTree = "<group>"; };
		2C2ACFFE20F4E51700C637D8 /* BPCell.swift */ = {isa = PBXFileReference; lastKnownFileType = sourcecode.swift; path = BPCell.swift; sourceTree = "<group>"; };
		2CE110A520F1C31000B93BEB /* eoshub.app */ = {isa = PBXFileReference; explicitFileType = wrapper.application; includeInIndex = 0; path = eoshub.app; sourceTree = BUILT_PRODUCTS_DIR; };
		2CE110A820F1C31000B93BEB /* AppDelegate.swift */ = {isa = PBXFileReference; lastKnownFileType = sourcecode.swift; path = AppDelegate.swift; sourceTree = "<group>"; };
		2CE110AD20F1C31000B93BEB /* Base */ = {isa = PBXFileReference; lastKnownFileType = file.storyboard; name = Base; path = Base.lproj/Intro.storyboard; sourceTree = "<group>"; };
		2CE110B220F1C31300B93BEB /* Base */ = {isa = PBXFileReference; lastKnownFileType = file.storyboard; name = Base; path = Base.lproj/LaunchScreen.storyboard; sourceTree = "<group>"; };
		2CE110B420F1C31300B93BEB /* Info.plist */ = {isa = PBXFileReference; lastKnownFileType = text.plist.xml; path = Info.plist; sourceTree = "<group>"; };
		2CE110B920F1C31300B93BEB /* eoshubTests.xctest */ = {isa = PBXFileReference; explicitFileType = wrapper.cfbundle; includeInIndex = 0; path = eoshubTests.xctest; sourceTree = BUILT_PRODUCTS_DIR; };
		2CE110BD20F1C31400B93BEB /* eoshubTests.swift */ = {isa = PBXFileReference; lastKnownFileType = sourcecode.swift; path = eoshubTests.swift; sourceTree = "<group>"; };
		2CE110BF20F1C31400B93BEB /* Info.plist */ = {isa = PBXFileReference; lastKnownFileType = text.plist.xml; path = Info.plist; sourceTree = "<group>"; };
		2CE110CF20F1C4E700B93BEB /* FlowController.swift */ = {isa = PBXFileReference; fileEncoding = 4; lastKnownFileType = sourcecode.swift; path = FlowController.swift; sourceTree = "<group>"; };
		2CE110D020F1C4E700B93BEB /* MainFlowController.swift */ = {isa = PBXFileReference; fileEncoding = 4; lastKnownFileType = sourcecode.swift; path = MainFlowController.swift; sourceTree = "<group>"; };
		2CE110D120F1C4E700B93BEB /* FlowConfigure.swift */ = {isa = PBXFileReference; fileEncoding = 4; lastKnownFileType = sourcecode.swift; path = FlowConfigure.swift; sourceTree = "<group>"; };
		2CE110D220F1C4E700B93BEB /* FlowEventDelegate.swift */ = {isa = PBXFileReference; fileEncoding = 4; lastKnownFileType = sourcecode.swift; path = FlowEventDelegate.swift; sourceTree = "<group>"; };
		2CE110D820F1C52900B93BEB /* LoginViewController.swift */ = {isa = PBXFileReference; lastKnownFileType = sourcecode.swift; path = LoginViewController.swift; sourceTree = "<group>"; };
		2CE110DA20F1C8AC00B93BEB /* Images.xcassets */ = {isa = PBXFileReference; lastKnownFileType = folder.assetcatalog; path = Images.xcassets; sourceTree = "<group>"; };
		2CE110DC20F1C96B00B93BEB /* JSON.swift */ = {isa = PBXFileReference; fileEncoding = 4; lastKnownFileType = sourcecode.swift; path = JSON.swift; sourceTree = "<group>"; };
		2CE110DE20F1C9B200B93BEB /* String+extension.swift */ = {isa = PBXFileReference; fileEncoding = 4; lastKnownFileType = sourcecode.swift; path = "String+extension.swift"; sourceTree = "<group>"; };
		2CE110DF20F1C9B200B93BEB /* Hex.swift */ = {isa = PBXFileReference; fileEncoding = 4; lastKnownFileType = sourcecode.swift; path = Hex.swift; sourceTree = "<group>"; };
		2CE110E020F1C9B200B93BEB /* DispatchQueue.swift */ = {isa = PBXFileReference; fileEncoding = 4; lastKnownFileType = sourcecode.swift; path = DispatchQueue.swift; sourceTree = "<group>"; };
		2CE110E120F1C9B200B93BEB /* Date+extension.swift */ = {isa = PBXFileReference; fileEncoding = 4; lastKnownFileType = sourcecode.swift; path = "Date+extension.swift"; sourceTree = "<group>"; };
		2CE110E220F1C9B200B93BEB /* DBObject.swift */ = {isa = PBXFileReference; fileEncoding = 4; lastKnownFileType = sourcecode.swift; path = DBObject.swift; sourceTree = "<group>"; };
		2CE110E320F1C9B300B93BEB /* Observable+extension.swift */ = {isa = PBXFileReference; fileEncoding = 4; lastKnownFileType = sourcecode.swift; path = "Observable+extension.swift"; sourceTree = "<group>"; };
		2CE110E420F1C9B300B93BEB /* Character+extension.swift */ = {isa = PBXFileReference; fileEncoding = 4; lastKnownFileType = sourcecode.swift; path = "Character+extension.swift"; sourceTree = "<group>"; };
		2CE110EE20F1C9D600B93BEB /* LoginFlowController.swift */ = {isa = PBXFileReference; lastKnownFileType = sourcecode.swift; path = LoginFlowController.swift; sourceTree = "<group>"; };
		2CE110F020F1D65400B93BEB /* Color.swift */ = {isa = PBXFileReference; lastKnownFileType = sourcecode.swift; path = Color.swift; sourceTree = "<group>"; };
		2CE110F220F1DAF700B93BEB /* BaseViewController.swift */ = {isa = PBXFileReference; lastKnownFileType = sourcecode.swift; path = BaseViewController.swift; sourceTree = "<group>"; };
		2CE110F420F1DCEC00B93BEB /* TermViewController.swift */ = {isa = PBXFileReference; lastKnownFileType = sourcecode.swift; path = TermViewController.swift; sourceTree = "<group>"; };
		2CE110F620F1E00D00B93BEB /* TermFlowController.swift */ = {isa = PBXFileReference; lastKnownFileType = sourcecode.swift; path = TermFlowController.swift; sourceTree = "<group>"; };
		2CE110F920F1EBE600B93BEB /* UIView+extension.swift */ = {isa = PBXFileReference; lastKnownFileType = sourcecode.swift; path = "UIView+extension.swift"; sourceTree = "<group>"; };
		2CE110FB20F1EC8600B93BEB /* RoundedButton.swift */ = {isa = PBXFileReference; lastKnownFileType = sourcecode.swift; path = RoundedButton.swift; sourceTree = "<group>"; };
		2CE110FD20F1ED6500B93BEB /* LoginButton.swift */ = {isa = PBXFileReference; lastKnownFileType = sourcecode.swift; path = LoginButton.swift; sourceTree = "<group>"; };
		2CE110FF20F1EDB000B93BEB /* WalletViewController.swift */ = {isa = PBXFileReference; lastKnownFileType = sourcecode.swift; path = WalletViewController.swift; sourceTree = "<group>"; };
		2CE1110120F1EE9C00B93BEB /* WalletFlowController.swift */ = {isa = PBXFileReference; lastKnownFileType = sourcecode.swift; path = WalletFlowController.swift; sourceTree = "<group>"; };
		2CE1110320F1F30200B93BEB /* SettingViewController.swift */ = {isa = PBXFileReference; lastKnownFileType = sourcecode.swift; path = SettingViewController.swift; sourceTree = "<group>"; };
		2CE1110520F1F76200B93BEB /* SettingFlowController.swift */ = {isa = PBXFileReference; lastKnownFileType = sourcecode.swift; path = SettingFlowController.swift; sourceTree = "<group>"; };
		2CE1110A20F1FA6600B93BEB /* en */ = {isa = PBXFileReference; lastKnownFileType = text.plist.strings; name = en; path = en.lproj/Localizable.strings; sourceTree = "<group>"; };
		2CE1110C20F1FA7200B93BEB /* ko */ = {isa = PBXFileReference; lastKnownFileType = text.plist.strings; name = ko; path = ko.lproj/Localizable.strings; sourceTree = "<group>"; };
		2CE1110D20F1FACD00B93BEB /* LocalizedString.swift */ = {isa = PBXFileReference; lastKnownFileType = sourcecode.swift; path = LocalizedString.swift; sourceTree = "<group>"; };
		2CE1110F20F2118900B93BEB /* LoginButton.xib */ = {isa = PBXFileReference; lastKnownFileType = file.xib; path = LoginButton.xib; sourceTree = "<group>"; };
		2CE1111220F218C700B93BEB /* LoginType.swift */ = {isa = PBXFileReference; lastKnownFileType = sourcecode.swift; path = LoginType.swift; sourceTree = "<group>"; };
		2CE1111420F2395800B93BEB /* Main.storyboard */ = {isa = PBXFileReference; lastKnownFileType = file.storyboard; path = Main.storyboard; sourceTree = "<group>"; };
		2CE1111620F23BF600B93BEB /* ExtendButton.swift */ = {isa = PBXFileReference; fileEncoding = 4; lastKnownFileType = sourcecode.swift; path = ExtendButton.swift; sourceTree = "<group>"; };
		2CE1111820F23C1700B93BEB /* BounceButton.swift */ = {isa = PBXFileReference; fileEncoding = 4; lastKnownFileType = sourcecode.swift; path = BounceButton.swift; sourceTree = "<group>"; };
		2CE1111A20F23C7400B93BEB /* CGSize+extension.swift */ = {isa = PBXFileReference; lastKnownFileType = sourcecode.swift; path = "CGSize+extension.swift"; sourceTree = "<group>"; };
		2CE1111C20F23D3800B93BEB /* Dimension.swift */ = {isa = PBXFileReference; lastKnownFileType = sourcecode.swift; path = Dimension.swift; sourceTree = "<group>"; };
		2CE1111F20F2403100B93BEB /* MenuTabBar.swift */ = {isa = PBXFileReference; lastKnownFileType = sourcecode.swift; path = MenuTabBar.swift; sourceTree = "<group>"; };
		2CE1112120F242E500B93BEB /* Font.swift */ = {isa = PBXFileReference; lastKnownFileType = sourcecode.swift; path = Font.swift; sourceTree = "<group>"; };
		2CE1112320F24CF200B93BEB /* MainTabViewController.swift */ = {isa = PBXFileReference; lastKnownFileType = sourcecode.swift; path = MainTabViewController.swift; sourceTree = "<group>"; };
		2CE1112520F2504000B93BEB /* MainTabFlowController.swift */ = {isa = PBXFileReference; lastKnownFileType = sourcecode.swift; path = MainTabFlowController.swift; sourceTree = "<group>"; };
		2CE1112820F252B500B93BEB /* TabBarViewConroller.swift */ = {isa = PBXFileReference; lastKnownFileType = sourcecode.swift; path = TabBarViewConroller.swift; sourceTree = "<group>"; };
		2CE1112B20F263B100B93BEB /* VoteViewController.swift */ = {isa = PBXFileReference; lastKnownFileType = sourcecode.swift; path = VoteViewController.swift; sourceTree = "<group>"; };
		2CE1112D20F2680100B93BEB /* VoteFlowController.swift */ = {isa = PBXFileReference; lastKnownFileType = sourcecode.swift; path = VoteFlowController.swift; sourceTree = "<group>"; };
		2CE1112F20F26BA300B93BEB /* AirdropViewController.swift */ = {isa = PBXFileReference; lastKnownFileType = sourcecode.swift; path = AirdropViewController.swift; sourceTree = "<group>"; };
		2CE1113120F26BD700B93BEB /* AirdropFlowController.swift */ = {isa = PBXFileReference; lastKnownFileType = sourcecode.swift; path = AirdropFlowController.swift; sourceTree = "<group>"; };
		2CE1113320F26D8000B93BEB /* WalletAddCell.swift */ = {isa = PBXFileReference; lastKnownFileType = sourcecode.swift; path = WalletAddCell.swift; sourceTree = "<group>"; };
		2CE1113520F26DBB00B93BEB /* WalletAddCell.xib */ = {isa = PBXFileReference; lastKnownFileType = file.xib; path = WalletAddCell.xib; sourceTree = "<group>"; };
		2CE1113720F26DF000B93BEB /* RoundedView.swift */ = {isa = PBXFileReference; lastKnownFileType = sourcecode.swift; path = RoundedView.swift; sourceTree = "<group>"; };
		2CE1113920F27BE000B93BEB /* WalletCell.swift */ = {isa = PBXFileReference; lastKnownFileType = sourcecode.swift; path = WalletCell.swift; sourceTree = "<group>"; };
		2CE1113B20F27C1E00B93BEB /* WalletCell.xib */ = {isa = PBXFileReference; lastKnownFileType = file.xib; path = WalletCell.xib; sourceTree = "<group>"; };
		2CEC2D4320F63BFF00AF5E9B /* WalletGuideCell.xib */ = {isa = PBXFileReference; lastKnownFileType = file.xib; path = WalletGuideCell.xib; sourceTree = "<group>"; };
		2CEC2D4520F6423000AF5E9B /* AccountManager.swift */ = {isa = PBXFileReference; lastKnownFileType = sourcecode.swift; path = AccountManager.swift; sourceTree = "<group>"; };
		2CEC2D4720F647A500AF5E9B /* Wallet.storyboard */ = {isa = PBXFileReference; lastKnownFileType = file.storyboard; path = Wallet.storyboard; sourceTree = "<group>"; };
		2CEC2D4920F65C3000AF5E9B /* WalletDetailViewController.swift */ = {isa = PBXFileReference; lastKnownFileType = sourcecode.swift; path = WalletDetailViewController.swift; sourceTree = "<group>"; };
		2CEC2D4B20F65D1500AF5E9B /* StakeProgressBar.swift */ = {isa = PBXFileReference; lastKnownFileType = sourcecode.swift; path = StakeProgressBar.swift; sourceTree = "<group>"; };
		2CEC2D4D20F65D8600AF5E9B /* WalletDetailFlowController.swift */ = {isa = PBXFileReference; lastKnownFileType = sourcecode.swift; path = WalletDetailFlowController.swift; sourceTree = "<group>"; };
		2CFE954520F3914600DC173F /* MultiProgressBar.swift */ = {isa = PBXFileReference; lastKnownFileType = sourcecode.swift; path = MultiProgressBar.swift; sourceTree = "<group>"; };
		2CFE954720F3930200DC173F /* CellType.swift */ = {isa = PBXFileReference; lastKnownFileType = sourcecode.swift; path = CellType.swift; sourceTree = "<group>"; };
		2CFE954920F3947300DC173F /* EOSWalletViewModel.swift */ = {isa = PBXFileReference; lastKnownFileType = sourcecode.swift; path = EOSWalletViewModel.swift; sourceTree = "<group>"; };
		2FC2CBA2696CDF2187FE8A20 /* Pods_eoshub.framework */ = {isa = PBXFileReference; explicitFileType = wrapper.framework; includeInIndex = 0; path = Pods_eoshub.framework; sourceTree = BUILT_PRODUCTS_DIR; };
		36B4AA61F57302C0EB3DA6AA /* Pods-eoshubTests.release.xcconfig */ = {isa = PBXFileReference; includeInIndex = 1; lastKnownFileType = text.xcconfig; name = "Pods-eoshubTests.release.xcconfig"; path = "Pods/Target Support Files/Pods-eoshubTests/Pods-eoshubTests.release.xcconfig"; sourceTree = "<group>"; };
		59AB798F947DAD2F27645CE8 /* Pods-eoshubTests.debug.xcconfig */ = {isa = PBXFileReference; includeInIndex = 1; lastKnownFileType = text.xcconfig; name = "Pods-eoshubTests.debug.xcconfig"; path = "Pods/Target Support Files/Pods-eoshubTests/Pods-eoshubTests.debug.xcconfig"; sourceTree = "<group>"; };
		8C0A4A72F4D1FCB5DD4351B4 /* Pods-eoshub.release.xcconfig */ = {isa = PBXFileReference; includeInIndex = 1; lastKnownFileType = text.xcconfig; name = "Pods-eoshub.release.xcconfig"; path = "Pods/Target Support Files/Pods-eoshub/Pods-eoshub.release.xcconfig"; sourceTree = "<group>"; };
		BDD4081D7EAEDC766BA9D65A /* Pods-eoshub.debug.xcconfig */ = {isa = PBXFileReference; includeInIndex = 1; lastKnownFileType = text.xcconfig; name = "Pods-eoshub.debug.xcconfig"; path = "Pods/Target Support Files/Pods-eoshub/Pods-eoshub.debug.xcconfig"; sourceTree = "<group>"; };
		FED6084D9ED0A15CBAE17906 /* Pods_eoshubTests.framework */ = {isa = PBXFileReference; explicitFileType = wrapper.framework; includeInIndex = 0; path = Pods_eoshubTests.framework; sourceTree = BUILT_PRODUCTS_DIR; };
/* End PBXFileReference section */

/* Begin PBXFrameworksBuildPhase section */
		2CE110A220F1C31000B93BEB /* Frameworks */ = {
			isa = PBXFrameworksBuildPhase;
			buildActionMask = 2147483647;
			files = (
				DAE53D72D1E6BAA58F35A061 /* Pods_eoshub.framework in Frameworks */,
			);
			runOnlyForDeploymentPostprocessing = 0;
		};
		2CE110B620F1C31300B93BEB /* Frameworks */ = {
			isa = PBXFrameworksBuildPhase;
			buildActionMask = 2147483647;
			files = (
				B52C07F61076004528A3A4FE /* Pods_eoshubTests.framework in Frameworks */,
			);
			runOnlyForDeploymentPostprocessing = 0;
		};
/* End PBXFrameworksBuildPhase section */

/* Begin PBXGroup section */
		2CE1109C20F1C31000B93BEB = {
			isa = PBXGroup;
			children = (
				2CE110A720F1C31000B93BEB /* eoshub */,
				2CE110BC20F1C31300B93BEB /* eoshubTests */,
				2CE110A620F1C31000B93BEB /* Products */,
				384033B70FDA1B380FF439BC /* Pods */,
				578E1E785AC33CDBF8D05D8A /* Frameworks */,
			);
			sourceTree = "<group>";
		};
		2CE110A620F1C31000B93BEB /* Products */ = {
			isa = PBXGroup;
			children = (
				2CE110A520F1C31000B93BEB /* eoshub.app */,
				2CE110B920F1C31300B93BEB /* eoshubTests.xctest */,
			);
			name = Products;
			sourceTree = "<group>";
		};
		2CE110A720F1C31000B93BEB /* eoshub */ = {
			isa = PBXGroup;
			children = (
				2CE110C820F1C44400B93BEB /* EOSIO */,
				2CE110CD20F1C4A900B93BEB /* EOSHUB */,
				2CE110C920F1C47800B93BEB /* Network */,
				2CE110CA20F1C47E00B93BEB /* UI */,
				2CE1111120F218BB00B93BEB /* Models */,
				2CE110CC20F1C49300B93BEB /* Manager */,
				2CE110CB20F1C48200B93BEB /* Utils */,
				2CE110A820F1C31000B93BEB /* AppDelegate.swift */,
				2CE110AC20F1C31000B93BEB /* Intro.storyboard */,
				2CE1111420F2395800B93BEB /* Main.storyboard */,
				2CEC2D4720F647A500AF5E9B /* Wallet.storyboard */,
				2C2ACFCC20F3CE9800C637D8 /* Create.storyboard */,
				2C2ACFE020F4758900C637D8 /* Auth.storyboard */,
				2CE110B120F1C31300B93BEB /* LaunchScreen.storyboard */,
				2CE1110B20F1FA6600B93BEB /* Localizable.strings */,
				2CE110B420F1C31300B93BEB /* Info.plist */,
				2CE110DA20F1C8AC00B93BEB /* Images.xcassets */,
			);
			path = eoshub;
			sourceTree = "<group>";
		};
		2CE110BC20F1C31300B93BEB /* eoshubTests */ = {
			isa = PBXGroup;
			children = (
				2CE110BD20F1C31400B93BEB /* eoshubTests.swift */,
				2CE110BF20F1C31400B93BEB /* Info.plist */,
			);
			path = eoshubTests;
			sourceTree = "<group>";
		};
		2CE110C820F1C44400B93BEB /* EOSIO */ = {
			isa = PBXGroup;
			children = (
				2CFE954C20F394BD00DC173F /* Wallet */,
				2CFE954B20F394B100DC173F /* Chain */,
			);
			path = EOSIO;
			sourceTree = "<group>";
		};
		2CE110C920F1C47800B93BEB /* Network */ = {
			isa = PBXGroup;
			children = (
			);
			path = Network;
			sourceTree = "<group>";
		};
		2CE110CA20F1C47E00B93BEB /* UI */ = {
			isa = PBXGroup;
			children = (
				2CE110F820F1EBD400B93BEB /* Views */,
				2CE110D720F1C50100B93BEB /* ViewControllers */,
				2CE110CE20F1C4CE00B93BEB /* FlowControl */,
			);
			path = UI;
			sourceTree = "<group>";
		};
		2CE110CB20F1C48200B93BEB /* Utils */ = {
			isa = PBXGroup;
			children = (
				2CE110F920F1EBE600B93BEB /* UIView+extension.swift */,
				2CE1111C20F23D3800B93BEB /* Dimension.swift */,
				2CE1111A20F23C7400B93BEB /* CGSize+extension.swift */,
				2CE110E420F1C9B300B93BEB /* Character+extension.swift */,
				2CE110E120F1C9B200B93BEB /* Date+extension.swift */,
				2CE110E220F1C9B200B93BEB /* DBObject.swift */,
				2CE110E020F1C9B200B93BEB /* DispatchQueue.swift */,
				2CE110DF20F1C9B200B93BEB /* Hex.swift */,
				2CE110E320F1C9B300B93BEB /* Observable+extension.swift */,
				2CE110DE20F1C9B200B93BEB /* String+extension.swift */,
				2CE110DC20F1C96B00B93BEB /* JSON.swift */,
				2CE1112120F242E500B93BEB /* Font.swift */,
				2C2ACFC220F3B86600C637D8 /* Double+extension.swift */,
				2C2ACFEC20F48E1D00C637D8 /* UIButton+extension.swift */,
			);
			path = Utils;
			sourceTree = "<group>";
		};
		2CE110CC20F1C49300B93BEB /* Manager */ = {
			isa = PBXGroup;
			children = (
				2CEC2D4520F6423000AF5E9B /* AccountManager.swift */,
			);
			path = Manager;
			sourceTree = "<group>";
		};
		2CE110CD20F1C4A900B93BEB /* EOSHUB */ = {
			isa = PBXGroup;
			children = (
				2CE110F020F1D65400B93BEB /* Color.swift */,
				2CE1110D20F1FACD00B93BEB /* LocalizedString.swift */,
			);
			path = EOSHUB;
			sourceTree = "<group>";
		};
		2CE110CE20F1C4CE00B93BEB /* FlowControl */ = {
			isa = PBXGroup;
			children = (
				2CE1112720F2510100B93BEB /* Base */,
				2CE110D020F1C4E700B93BEB /* MainFlowController.swift */,
				2CE1112520F2504000B93BEB /* MainTabFlowController.swift */,
				2CE110EE20F1C9D600B93BEB /* LoginFlowController.swift */,
				2CE110F620F1E00D00B93BEB /* TermFlowController.swift */,
				2CE1110120F1EE9C00B93BEB /* WalletFlowController.swift */,
				2CEC2D4D20F65D8600AF5E9B /* WalletDetailFlowController.swift */,
				2C279B7420F7844300D2F6C4 /* SendCurrencyFlowController.swift */,
				2C279B7820F7A4A100D2F6C4 /* ReceiveFlowController.swift */,
				2C279B7E20F7B53200D2F6C4 /* TxFlowController.swift */,
				2CE1112D20F2680100B93BEB /* VoteFlowController.swift */,
				2CE1113120F26BD700B93BEB /* AirdropFlowController.swift */,
				2CE1110520F1F76200B93BEB /* SettingFlowController.swift */,
				2C2ACFD020F3DD1800C637D8 /* CreateFlowController.swift */,
				2C2ACFD620F442E400C637D8 /* ImportFlowController.swift */,
				2C2ACFDE20F46B3300C637D8 /* FindFlowController.swift */,
				2C2ACFE620F47CA200C637D8 /* CreatePinFlowController.swift */,
				2C2ACFF820F4A3DE00C637D8 /* ConfirmPinFlowController.swift */,
				2C2ACFFA20F4A3E800C637D8 /* ValidationPinFlowController.swift */,
			);
			path = FlowControl;
			sourceTree = "<group>";
		};
		2CE110D720F1C50100B93BEB /* ViewControllers */ = {
			isa = PBXGroup;
			children = (
				2CE1112A20F25B0B00B93BEB /* Base */,
				2CE110D820F1C52900B93BEB /* LoginViewController.swift */,
				2CE110F420F1DCEC00B93BEB /* TermViewController.swift */,
				2CE110FF20F1EDB000B93BEB /* WalletViewController.swift */,
				2CEC2D4920F65C3000AF5E9B /* WalletDetailViewController.swift */,
				2C279B7220F783DF00D2F6C4 /* SendCurrencyViewController.swift */,
				2C279B7620F7A29A00D2F6C4 /* ReceiveViewController.swift */,
				2C279B7A20F7AEAC00D2F6C4 /* TxViewController.swift */,
				2CE1110320F1F30200B93BEB /* SettingViewController.swift */,
				2CE1112320F24CF200B93BEB /* MainTabViewController.swift */,
				2CE1112B20F263B100B93BEB /* VoteViewController.swift */,
				2CE1112F20F26BA300B93BEB /* AirdropViewController.swift */,
				2C2ACFCE20F3D8EB00C637D8 /* CreateViewController.swift */,
				2C2ACFD420F4427F00C637D8 /* ImportViewController.swift */,
				2C2ACFDA20F4607700C637D8 /* FindAccountViewController.swift */,
				2C2ACFE420F47C1900C637D8 /* PinCodeViewController.swift */,
			);
			path = ViewControllers;
			sourceTree = "<group>";
		};
		2CE110F820F1EBD400B93BEB /* Views */ = {
			isa = PBXGroup;
			children = (
				2CE1111E20F23F2400B93BEB /* Base */,
				2CE1111F20F2403100B93BEB /* MenuTabBar.swift */,
				2CFE954520F3914600DC173F /* MultiProgressBar.swift */,
				2CEC2D4B20F65D1500AF5E9B /* StakeProgressBar.swift */,
				2C2ACFE220F476F900C637D8 /* PincodeView.swift */,
				2C2ACFFE20F4E51700C637D8 /* BPCell.swift */,
				2C2ACFF620F49F5100C637D8 /* FaceIdInputView.swift */,
				2C2ACFF420F49DCA00C637D8 /* FaceIdInputView.xib */,
				2C2ACFC020F3AEED00C637D8 /* TestCell.xib */,
				2CE1113920F27BE000B93BEB /* WalletCell.swift */,
				2CE1113B20F27C1E00B93BEB /* WalletCell.xib */,
				2CE1113320F26D8000B93BEB /* WalletAddCell.swift */,
				2CE1113520F26DBB00B93BEB /* WalletAddCell.xib */,
				2C2ACFCA20F3CBB600C637D8 /* WalletGuideCell.swift */,
				2CEC2D4320F63BFF00AF5E9B /* WalletGuideCell.xib */,
				2CE110FD20F1ED6500B93BEB /* LoginButton.swift */,
				2CE1110F20F2118900B93BEB /* LoginButton.xib */,
			);
			path = Views;
			sourceTree = "<group>";
		};
		2CE1111120F218BB00B93BEB /* Models */ = {
			isa = PBXGroup;
			children = (
				2CE1111220F218C700B93BEB /* LoginType.swift */,
				2CFE954920F3947300DC173F /* EOSWalletViewModel.swift */,
			);
			path = Models;
			sourceTree = "<group>";
		};
		2CE1111E20F23F2400B93BEB /* Base */ = {
			isa = PBXGroup;
			children = (
				2CE1111820F23C1700B93BEB /* BounceButton.swift */,
				2CE110FB20F1EC8600B93BEB /* RoundedButton.swift */,
				2CE1113720F26DF000B93BEB /* RoundedView.swift */,
				2CE1111620F23BF600B93BEB /* ExtendButton.swift */,
				2CFE954720F3930200DC173F /* CellType.swift */,
				2C2ACFD220F43EE500C637D8 /* WhiteTextField.swift */,
				2C2ACFD820F4524A00C637D8 /* GrayButton.swift */,
				2C2ACFFC20F4B9A900C637D8 /* PurpleButton.swift */,
			);
			path = Base;
			sourceTree = "<group>";
		};
		2CE1112720F2510100B93BEB /* Base */ = {
			isa = PBXGroup;
			children = (
				2CE110D120F1C4E700B93BEB /* FlowConfigure.swift */,
				2CE110CF20F1C4E700B93BEB /* FlowController.swift */,
				2CE110D220F1C4E700B93BEB /* FlowEventDelegate.swift */,
			);
			path = Base;
			sourceTree = "<group>";
		};
		2CE1112A20F25B0B00B93BEB /* Base */ = {
			isa = PBXGroup;
			children = (
				2CE110F220F1DAF700B93BEB /* BaseViewController.swift */,
				2C279B7C20F7AEDD00D2F6C4 /* BaseTableViewController.swift */,
				2CE1112820F252B500B93BEB /* TabBarViewConroller.swift */,
				2C2ACFDC20F4608800C637D8 /* TextInputViewController.swift */,
			);
			path = Base;
			sourceTree = "<group>";
		};
		2CFE954B20F394B100DC173F /* Chain */ = {
			isa = PBXGroup;
			children = (
			);
			path = Chain;
			sourceTree = "<group>";
		};
		2CFE954C20F394BD00DC173F /* Wallet */ = {
			isa = PBXGroup;
			children = (
			);
			path = Wallet;
			sourceTree = "<group>";
		};
		384033B70FDA1B380FF439BC /* Pods */ = {
			isa = PBXGroup;
			children = (
				BDD4081D7EAEDC766BA9D65A /* Pods-eoshub.debug.xcconfig */,
				8C0A4A72F4D1FCB5DD4351B4 /* Pods-eoshub.release.xcconfig */,
				59AB798F947DAD2F27645CE8 /* Pods-eoshubTests.debug.xcconfig */,
				36B4AA61F57302C0EB3DA6AA /* Pods-eoshubTests.release.xcconfig */,
			);
			name = Pods;
			sourceTree = "<group>";
		};
		578E1E785AC33CDBF8D05D8A /* Frameworks */ = {
			isa = PBXGroup;
			children = (
				2FC2CBA2696CDF2187FE8A20 /* Pods_eoshub.framework */,
				FED6084D9ED0A15CBAE17906 /* Pods_eoshubTests.framework */,
			);
			name = Frameworks;
			sourceTree = "<group>";
		};
/* End PBXGroup section */

/* Begin PBXNativeTarget section */
		2CE110A420F1C31000B93BEB /* eoshub */ = {
			isa = PBXNativeTarget;
			buildConfigurationList = 2CE110C220F1C31400B93BEB /* Build configuration list for PBXNativeTarget "eoshub" */;
			buildPhases = (
				D53B7E406781A5C2B8CC86E2 /* [CP] Check Pods Manifest.lock */,
				2CE110A120F1C31000B93BEB /* Sources */,
				2CE110A220F1C31000B93BEB /* Frameworks */,
				2CE110A320F1C31000B93BEB /* Resources */,
				270C1BFDBEBBC8F93F84CEE9 /* [CP] Embed Pods Frameworks */,
			);
			buildRules = (
			);
			dependencies = (
			);
			name = eoshub;
			productName = eoshub;
			productReference = 2CE110A520F1C31000B93BEB /* eoshub.app */;
			productType = "com.apple.product-type.application";
		};
		2CE110B820F1C31300B93BEB /* eoshubTests */ = {
			isa = PBXNativeTarget;
			buildConfigurationList = 2CE110C520F1C31400B93BEB /* Build configuration list for PBXNativeTarget "eoshubTests" */;
			buildPhases = (
				7804F3E32A3531E11FB86824 /* [CP] Check Pods Manifest.lock */,
				2CE110B520F1C31300B93BEB /* Sources */,
				2CE110B620F1C31300B93BEB /* Frameworks */,
				2CE110B720F1C31300B93BEB /* Resources */,
			);
			buildRules = (
			);
			dependencies = (
				2CE110BB20F1C31300B93BEB /* PBXTargetDependency */,
			);
			name = eoshubTests;
			productName = eoshubTests;
			productReference = 2CE110B920F1C31300B93BEB /* eoshubTests.xctest */;
			productType = "com.apple.product-type.bundle.unit-test";
		};
/* End PBXNativeTarget section */

/* Begin PBXProject section */
		2CE1109D20F1C31000B93BEB /* Project object */ = {
			isa = PBXProject;
			attributes = {
				LastSwiftUpdateCheck = 0940;
				LastUpgradeCheck = 0940;
				ORGANIZATIONNAME = "EOS Hub";
				TargetAttributes = {
					2CE110A420F1C31000B93BEB = {
						CreatedOnToolsVersion = 9.4;
					};
					2CE110B820F1C31300B93BEB = {
						CreatedOnToolsVersion = 9.4;
						TestTargetID = 2CE110A420F1C31000B93BEB;
					};
				};
			};
			buildConfigurationList = 2CE110A020F1C31000B93BEB /* Build configuration list for PBXProject "eoshub" */;
			compatibilityVersion = "Xcode 9.3";
			developmentRegion = en;
			hasScannedForEncodings = 0;
			knownRegions = (
				en,
				Base,
				ko,
			);
			mainGroup = 2CE1109C20F1C31000B93BEB;
			productRefGroup = 2CE110A620F1C31000B93BEB /* Products */;
			projectDirPath = "";
			projectRoot = "";
			targets = (
				2CE110A420F1C31000B93BEB /* eoshub */,
				2CE110B820F1C31300B93BEB /* eoshubTests */,
			);
		};
/* End PBXProject section */

/* Begin PBXResourcesBuildPhase section */
		2CE110A320F1C31000B93BEB /* Resources */ = {
			isa = PBXResourcesBuildPhase;
			buildActionMask = 2147483647;
			files = (
				2CE1113C20F27C1E00B93BEB /* WalletCell.xib in Resources */,
				2CEC2D4820F647A500AF5E9B /* Wallet.storyboard in Resources */,
				2CE110DB20F1C8AC00B93BEB /* Images.xcassets in Resources */,
				2CE1111020F2118900B93BEB /* LoginButton.xib in Resources */,
				2CE1110920F1FA6600B93BEB /* Localizable.strings in Resources */,
				2C2ACFF520F49DCA00C637D8 /* FaceIdInputView.xib in Resources */,
				2CE1113620F26DBB00B93BEB /* WalletAddCell.xib in Resources */,
				2CEC2D4420F63BFF00AF5E9B /* WalletGuideCell.xib in Resources */,
				2C2ACFE120F4758900C637D8 /* Auth.storyboard in Resources */,
				2C2ACFC120F3AEED00C637D8 /* TestCell.xib in Resources */,
				2CE110B320F1C31300B93BEB /* LaunchScreen.storyboard in Resources */,
				2C2ACFCD20F3CE9800C637D8 /* Create.storyboard in Resources */,
				2CE110AE20F1C31000B93BEB /* Intro.storyboard in Resources */,
				2CE1111520F2395800B93BEB /* Main.storyboard in Resources */,
			);
			runOnlyForDeploymentPostprocessing = 0;
		};
		2CE110B720F1C31300B93BEB /* Resources */ = {
			isa = PBXResourcesBuildPhase;
			buildActionMask = 2147483647;
			files = (
			);
			runOnlyForDeploymentPostprocessing = 0;
		};
/* End PBXResourcesBuildPhase section */

/* Begin PBXShellScriptBuildPhase section */
		270C1BFDBEBBC8F93F84CEE9 /* [CP] Embed Pods Frameworks */ = {
			isa = PBXShellScriptBuildPhase;
			buildActionMask = 2147483647;
			files = (
			);
			inputPaths = (
				"${SRCROOT}/Pods/Target Support Files/Pods-eoshub/Pods-eoshub-frameworks.sh",
				"${BUILT_PRODUCTS_DIR}/Alamofire/Alamofire.framework",
				"${BUILT_PRODUCTS_DIR}/EllipticCurveKeyPair/EllipticCurveKeyPair.framework",
				"${BUILT_PRODUCTS_DIR}/Eureka/Eureka.framework",
				"${BUILT_PRODUCTS_DIR}/QRCode/QRCode.framework",
				"${BUILT_PRODUCTS_DIR}/Realm/Realm.framework",
				"${BUILT_PRODUCTS_DIR}/RealmSwift/RealmSwift.framework",
				"${BUILT_PRODUCTS_DIR}/RxCocoa/RxCocoa.framework",
				"${BUILT_PRODUCTS_DIR}/RxSwift/RxSwift.framework",
			);
			name = "[CP] Embed Pods Frameworks";
			outputPaths = (
				"${TARGET_BUILD_DIR}/${FRAMEWORKS_FOLDER_PATH}/Alamofire.framework",
				"${TARGET_BUILD_DIR}/${FRAMEWORKS_FOLDER_PATH}/EllipticCurveKeyPair.framework",
				"${TARGET_BUILD_DIR}/${FRAMEWORKS_FOLDER_PATH}/Eureka.framework",
				"${TARGET_BUILD_DIR}/${FRAMEWORKS_FOLDER_PATH}/QRCode.framework",
				"${TARGET_BUILD_DIR}/${FRAMEWORKS_FOLDER_PATH}/Realm.framework",
				"${TARGET_BUILD_DIR}/${FRAMEWORKS_FOLDER_PATH}/RealmSwift.framework",
				"${TARGET_BUILD_DIR}/${FRAMEWORKS_FOLDER_PATH}/RxCocoa.framework",
				"${TARGET_BUILD_DIR}/${FRAMEWORKS_FOLDER_PATH}/RxSwift.framework",
			);
			runOnlyForDeploymentPostprocessing = 0;
			shellPath = /bin/sh;
			shellScript = "\"${SRCROOT}/Pods/Target Support Files/Pods-eoshub/Pods-eoshub-frameworks.sh\"\n";
			showEnvVarsInLog = 0;
		};
		7804F3E32A3531E11FB86824 /* [CP] Check Pods Manifest.lock */ = {
			isa = PBXShellScriptBuildPhase;
			buildActionMask = 2147483647;
			files = (
			);
			inputPaths = (
				"${PODS_PODFILE_DIR_PATH}/Podfile.lock",
				"${PODS_ROOT}/Manifest.lock",
			);
			name = "[CP] Check Pods Manifest.lock";
			outputPaths = (
				"$(DERIVED_FILE_DIR)/Pods-eoshubTests-checkManifestLockResult.txt",
			);
			runOnlyForDeploymentPostprocessing = 0;
			shellPath = /bin/sh;
			shellScript = "diff \"${PODS_PODFILE_DIR_PATH}/Podfile.lock\" \"${PODS_ROOT}/Manifest.lock\" > /dev/null\nif [ $? != 0 ] ; then\n    # print error to STDERR\n    echo \"error: The sandbox is not in sync with the Podfile.lock. Run 'pod install' or update your CocoaPods installation.\" >&2\n    exit 1\nfi\n# This output is used by Xcode 'outputs' to avoid re-running this script phase.\necho \"SUCCESS\" > \"${SCRIPT_OUTPUT_FILE_0}\"\n";
			showEnvVarsInLog = 0;
		};
		D53B7E406781A5C2B8CC86E2 /* [CP] Check Pods Manifest.lock */ = {
			isa = PBXShellScriptBuildPhase;
			buildActionMask = 2147483647;
			files = (
			);
			inputPaths = (
				"${PODS_PODFILE_DIR_PATH}/Podfile.lock",
				"${PODS_ROOT}/Manifest.lock",
			);
			name = "[CP] Check Pods Manifest.lock";
			outputPaths = (
				"$(DERIVED_FILE_DIR)/Pods-eoshub-checkManifestLockResult.txt",
			);
			runOnlyForDeploymentPostprocessing = 0;
			shellPath = /bin/sh;
			shellScript = "diff \"${PODS_PODFILE_DIR_PATH}/Podfile.lock\" \"${PODS_ROOT}/Manifest.lock\" > /dev/null\nif [ $? != 0 ] ; then\n    # print error to STDERR\n    echo \"error: The sandbox is not in sync with the Podfile.lock. Run 'pod install' or update your CocoaPods installation.\" >&2\n    exit 1\nfi\n# This output is used by Xcode 'outputs' to avoid re-running this script phase.\necho \"SUCCESS\" > \"${SCRIPT_OUTPUT_FILE_0}\"\n";
			showEnvVarsInLog = 0;
		};
/* End PBXShellScriptBuildPhase section */

/* Begin PBXSourcesBuildPhase section */
		2CE110A120F1C31000B93BEB /* Sources */ = {
			isa = PBXSourcesBuildPhase;
			buildActionMask = 2147483647;
			files = (
				2CE110E520F1C9B300B93BEB /* String+extension.swift in Sources */,
				2CE1113220F26BD700B93BEB /* AirdropFlowController.swift in Sources */,
				2CE110D920F1C52900B93BEB /* LoginViewController.swift in Sources */,
				2C2ACFE520F47C1900C637D8 /* PinCodeViewController.swift in Sources */,
				2CE1112920F252B500B93BEB /* TabBarViewConroller.swift in Sources */,
				2CEC2D4E20F65D8600AF5E9B /* WalletDetailFlowController.swift in Sources */,
				2C279B7320F783DF00D2F6C4 /* SendCurrencyViewController.swift in Sources */,
				2CE1113A20F27BE000B93BEB /* WalletCell.swift in Sources */,
				2CE1110620F1F76200B93BEB /* SettingFlowController.swift in Sources */,
				2CE1112020F2403100B93BEB /* MenuTabBar.swift in Sources */,
				2CE1113420F26D8000B93BEB /* WalletAddCell.swift in Sources */,
				2CE1110220F1EE9C00B93BEB /* WalletFlowController.swift in Sources */,
				2CE1112420F24CF200B93BEB /* MainTabViewController.swift in Sources */,
				2CE110DD20F1C96B00B93BEB /* JSON.swift in Sources */,
				2CE110EB20F1C9B300B93BEB /* Character+extension.swift in Sources */,
				2CFE954620F3914600DC173F /* MultiProgressBar.swift in Sources */,
				2C2ACFD520F4427F00C637D8 /* ImportViewController.swift in Sources */,
				2C2ACFDF20F46B3300C637D8 /* FindFlowController.swift in Sources */,
				2C279B7920F7A4A100D2F6C4 /* ReceiveFlowController.swift in Sources */,
				2C2ACFE320F476F900C637D8 /* PincodeView.swift in Sources */,
				2C2ACFFD20F4B9A900C637D8 /* PurpleButton.swift in Sources */,
				2C2ACFD320F43EE500C637D8 /* WhiteTextField.swift in Sources */,
				2CE110FC20F1EC8600B93BEB /* RoundedButton.swift in Sources */,
				2CE110FA20F1EBE600B93BEB /* UIView+extension.swift in Sources */,
				2C279B7B20F7AEAC00D2F6C4 /* TxViewController.swift in Sources */,
				2CE1111720F23BF600B93BEB /* ExtendButton.swift in Sources */,
				2CE110E720F1C9B300B93BEB /* DispatchQueue.swift in Sources */,
				2C2ACFFB20F4A3E800C637D8 /* ValidationPinFlowController.swift in Sources */,
				2CE1110020F1EDB000B93BEB /* WalletViewController.swift in Sources */,
				2CFE954A20F3947300DC173F /* EOSWalletViewModel.swift in Sources */,
				2CE1113020F26BA300B93BEB /* AirdropViewController.swift in Sources */,
				2C279B7D20F7AEDD00D2F6C4 /* BaseTableViewController.swift in Sources */,
				2CFE954820F3930200DC173F /* CellType.swift in Sources */,
				2CE1112220F242E500B93BEB /* Font.swift in Sources */,
				2CE1111920F23C1700B93BEB /* BounceButton.swift in Sources */,
				2CE1112C20F263B100B93BEB /* VoteViewController.swift in Sources */,
				2CEC2D4A20F65C3000AF5E9B /* WalletDetailViewController.swift in Sources */,
				2CEC2D4620F6423000AF5E9B /* AccountManager.swift in Sources */,
				2CE110F120F1D65400B93BEB /* Color.swift in Sources */,
				2CE1110420F1F30200B93BEB /* SettingViewController.swift in Sources */,
				2CE110F720F1E00D00B93BEB /* TermFlowController.swift in Sources */,
				2CE110F520F1DCEC00B93BEB /* TermViewController.swift in Sources */,
				2C2ACFD720F442E400C637D8 /* ImportFlowController.swift in Sources */,
				2CE1111D20F23D3800B93BEB /* Dimension.swift in Sources */,
				2C2ACFD120F3DD1800C637D8 /* CreateFlowController.swift in Sources */,
				2C2ACFD920F4524A00C637D8 /* GrayButton.swift in Sources */,
				2CE110EA20F1C9B300B93BEB /* Observable+extension.swift in Sources */,
				2CE110FE20F1ED6500B93BEB /* LoginButton.swift in Sources */,
				2CE1112620F2504000B93BEB /* MainTabFlowController.swift in Sources */,
				2CE110F320F1DAF700B93BEB /* BaseViewController.swift in Sources */,
				2C279B7520F7844300D2F6C4 /* SendCurrencyFlowController.swift in Sources */,
				2CE1111B20F23C7400B93BEB /* CGSize+extension.swift in Sources */,
				2C2ACFF920F4A3DE00C637D8 /* ConfirmPinFlowController.swift in Sources */,
				2C2ACFDB20F4607700C637D8 /* FindAccountViewController.swift in Sources */,
				2C2ACFDD20F4608800C637D8 /* TextInputViewController.swift in Sources */,
				2CE1110E20F1FACD00B93BEB /* LocalizedString.swift in Sources */,
				2C2ACFED20F48E1D00C637D8 /* UIButton+extension.swift in Sources */,
				2C279B7720F7A29A00D2F6C4 /* ReceiveViewController.swift in Sources */,
				2CE110D520F1C4E700B93BEB /* FlowConfigure.swift in Sources */,
				2C2ACFC320F3B86600C637D8 /* Double+extension.swift in Sources */,
				2C2ACFE720F47CA200C637D8 /* CreatePinFlowController.swift in Sources */,
				2CE1113820F26DF000B93BEB /* RoundedView.swift in Sources */,
				2CE1112E20F2680100B93BEB /* VoteFlowController.swift in Sources */,
				2CE110D420F1C4E700B93BEB /* MainFlowController.swift in Sources */,
				2CEC2D4C20F65D1500AF5E9B /* StakeProgressBar.swift in Sources */,
				2C2ACFCF20F3D8EB00C637D8 /* CreateViewController.swift in Sources */,
				2CE110E920F1C9B300B93BEB /* DBObject.swift in Sources */,
				2CE1111320F218C700B93BEB /* LoginType.swift in Sources */,
				2C2ACFCB20F3CBB600C637D8 /* WalletGuideCell.swift in Sources */,
				2C279B7F20F7B53200D2F6C4 /* TxFlowController.swift in Sources */,
				2CE110D620F1C4E700B93BEB /* FlowEventDelegate.swift in Sources */,
				2C2ACFF720F49F5100C637D8 /* FaceIdInputView.swift in Sources */,
				2CE110E820F1C9B300B93BEB /* Date+extension.swift in Sources */,
				2CE110EF20F1C9D600B93BEB /* LoginFlowController.swift in Sources */,
				2C2ACFFF20F4E51700C637D8 /* BPCell.swift in Sources */,
				2CE110E620F1C9B300B93BEB /* Hex.swift in Sources */,
				2CE110A920F1C31000B93BEB /* AppDelegate.swift in Sources */,
				2CE110D320F1C4E700B93BEB /* FlowController.swift in Sources */,
			);
			runOnlyForDeploymentPostprocessing = 0;
		};
		2CE110B520F1C31300B93BEB /* Sources */ = {
			isa = PBXSourcesBuildPhase;
			buildActionMask = 2147483647;
			files = (
				2CE110BE20F1C31400B93BEB /* eoshubTests.swift in Sources */,
			);
			runOnlyForDeploymentPostprocessing = 0;
		};
/* End PBXSourcesBuildPhase section */

/* Begin PBXTargetDependency section */
		2CE110BB20F1C31300B93BEB /* PBXTargetDependency */ = {
			isa = PBXTargetDependency;
			target = 2CE110A420F1C31000B93BEB /* eoshub */;
			targetProxy = 2CE110BA20F1C31300B93BEB /* PBXContainerItemProxy */;
		};
/* End PBXTargetDependency section */

/* Begin PBXVariantGroup section */
		2CE110AC20F1C31000B93BEB /* Intro.storyboard */ = {
			isa = PBXVariantGroup;
			children = (
				2CE110AD20F1C31000B93BEB /* Base */,
			);
			name = Intro.storyboard;
			sourceTree = "<group>";
		};
		2CE110B120F1C31300B93BEB /* LaunchScreen.storyboard */ = {
			isa = PBXVariantGroup;
			children = (
				2CE110B220F1C31300B93BEB /* Base */,
			);
			name = LaunchScreen.storyboard;
			sourceTree = "<group>";
		};
		2CE1110B20F1FA6600B93BEB /* Localizable.strings */ = {
			isa = PBXVariantGroup;
			children = (
				2CE1110A20F1FA6600B93BEB /* en */,
				2CE1110C20F1FA7200B93BEB /* ko */,
			);
			name = Localizable.strings;
			sourceTree = "<group>";
		};
/* End PBXVariantGroup section */

/* Begin XCBuildConfiguration section */
		2CE110C020F1C31400B93BEB /* Debug */ = {
			isa = XCBuildConfiguration;
			buildSettings = {
				ALWAYS_SEARCH_USER_PATHS = NO;
				CLANG_ANALYZER_LOCALIZABILITY_NONLOCALIZED = YES;
				CLANG_ANALYZER_NONNULL = YES;
				CLANG_ANALYZER_NUMBER_OBJECT_CONVERSION = YES_AGGRESSIVE;
				CLANG_CXX_LANGUAGE_STANDARD = "gnu++14";
				CLANG_CXX_LIBRARY = "libc++";
				CLANG_ENABLE_MODULES = YES;
				CLANG_ENABLE_OBJC_ARC = YES;
				CLANG_ENABLE_OBJC_WEAK = YES;
				CLANG_WARN_BLOCK_CAPTURE_AUTORELEASING = YES;
				CLANG_WARN_BOOL_CONVERSION = YES;
				CLANG_WARN_COMMA = YES;
				CLANG_WARN_CONSTANT_CONVERSION = YES;
				CLANG_WARN_DEPRECATED_OBJC_IMPLEMENTATIONS = YES;
				CLANG_WARN_DIRECT_OBJC_ISA_USAGE = YES_ERROR;
				CLANG_WARN_DOCUMENTATION_COMMENTS = YES;
				CLANG_WARN_EMPTY_BODY = YES;
				CLANG_WARN_ENUM_CONVERSION = YES;
				CLANG_WARN_INFINITE_RECURSION = YES;
				CLANG_WARN_INT_CONVERSION = YES;
				CLANG_WARN_NON_LITERAL_NULL_CONVERSION = YES;
				CLANG_WARN_OBJC_IMPLICIT_RETAIN_SELF = YES;
				CLANG_WARN_OBJC_LITERAL_CONVERSION = YES;
				CLANG_WARN_OBJC_ROOT_CLASS = YES_ERROR;
				CLANG_WARN_RANGE_LOOP_ANALYSIS = YES;
				CLANG_WARN_STRICT_PROTOTYPES = YES;
				CLANG_WARN_SUSPICIOUS_MOVE = YES;
				CLANG_WARN_UNGUARDED_AVAILABILITY = YES_AGGRESSIVE;
				CLANG_WARN_UNREACHABLE_CODE = YES;
				CLANG_WARN__DUPLICATE_METHOD_MATCH = YES;
				CODE_SIGN_IDENTITY = "iPhone Developer";
				COPY_PHASE_STRIP = NO;
				DEBUG_INFORMATION_FORMAT = dwarf;
				ENABLE_STRICT_OBJC_MSGSEND = YES;
				ENABLE_TESTABILITY = YES;
				GCC_C_LANGUAGE_STANDARD = gnu11;
				GCC_DYNAMIC_NO_PIC = NO;
				GCC_NO_COMMON_BLOCKS = YES;
				GCC_OPTIMIZATION_LEVEL = 0;
				GCC_PREPROCESSOR_DEFINITIONS = (
					"DEBUG=1",
					"$(inherited)",
				);
				GCC_WARN_64_TO_32_BIT_CONVERSION = YES;
				GCC_WARN_ABOUT_RETURN_TYPE = YES_ERROR;
				GCC_WARN_UNDECLARED_SELECTOR = YES;
				GCC_WARN_UNINITIALIZED_AUTOS = YES_AGGRESSIVE;
				GCC_WARN_UNUSED_FUNCTION = YES;
				GCC_WARN_UNUSED_VARIABLE = YES;
				IPHONEOS_DEPLOYMENT_TARGET = 11.4;
				MTL_ENABLE_DEBUG_INFO = YES;
				ONLY_ACTIVE_ARCH = YES;
				SDKROOT = iphoneos;
				SWIFT_ACTIVE_COMPILATION_CONDITIONS = DEBUG;
				SWIFT_OPTIMIZATION_LEVEL = "-Onone";
			};
			name = Debug;
		};
		2CE110C120F1C31400B93BEB /* Release */ = {
			isa = XCBuildConfiguration;
			buildSettings = {
				ALWAYS_SEARCH_USER_PATHS = NO;
				CLANG_ANALYZER_LOCALIZABILITY_NONLOCALIZED = YES;
				CLANG_ANALYZER_NONNULL = YES;
				CLANG_ANALYZER_NUMBER_OBJECT_CONVERSION = YES_AGGRESSIVE;
				CLANG_CXX_LANGUAGE_STANDARD = "gnu++14";
				CLANG_CXX_LIBRARY = "libc++";
				CLANG_ENABLE_MODULES = YES;
				CLANG_ENABLE_OBJC_ARC = YES;
				CLANG_ENABLE_OBJC_WEAK = YES;
				CLANG_WARN_BLOCK_CAPTURE_AUTORELEASING = YES;
				CLANG_WARN_BOOL_CONVERSION = YES;
				CLANG_WARN_COMMA = YES;
				CLANG_WARN_CONSTANT_CONVERSION = YES;
				CLANG_WARN_DEPRECATED_OBJC_IMPLEMENTATIONS = YES;
				CLANG_WARN_DIRECT_OBJC_ISA_USAGE = YES_ERROR;
				CLANG_WARN_DOCUMENTATION_COMMENTS = YES;
				CLANG_WARN_EMPTY_BODY = YES;
				CLANG_WARN_ENUM_CONVERSION = YES;
				CLANG_WARN_INFINITE_RECURSION = YES;
				CLANG_WARN_INT_CONVERSION = YES;
				CLANG_WARN_NON_LITERAL_NULL_CONVERSION = YES;
				CLANG_WARN_OBJC_IMPLICIT_RETAIN_SELF = YES;
				CLANG_WARN_OBJC_LITERAL_CONVERSION = YES;
				CLANG_WARN_OBJC_ROOT_CLASS = YES_ERROR;
				CLANG_WARN_RANGE_LOOP_ANALYSIS = YES;
				CLANG_WARN_STRICT_PROTOTYPES = YES;
				CLANG_WARN_SUSPICIOUS_MOVE = YES;
				CLANG_WARN_UNGUARDED_AVAILABILITY = YES_AGGRESSIVE;
				CLANG_WARN_UNREACHABLE_CODE = YES;
				CLANG_WARN__DUPLICATE_METHOD_MATCH = YES;
				CODE_SIGN_IDENTITY = "iPhone Developer";
				COPY_PHASE_STRIP = NO;
				DEBUG_INFORMATION_FORMAT = "dwarf-with-dsym";
				ENABLE_NS_ASSERTIONS = NO;
				ENABLE_STRICT_OBJC_MSGSEND = YES;
				GCC_C_LANGUAGE_STANDARD = gnu11;
				GCC_NO_COMMON_BLOCKS = YES;
				GCC_WARN_64_TO_32_BIT_CONVERSION = YES;
				GCC_WARN_ABOUT_RETURN_TYPE = YES_ERROR;
				GCC_WARN_UNDECLARED_SELECTOR = YES;
				GCC_WARN_UNINITIALIZED_AUTOS = YES_AGGRESSIVE;
				GCC_WARN_UNUSED_FUNCTION = YES;
				GCC_WARN_UNUSED_VARIABLE = YES;
				IPHONEOS_DEPLOYMENT_TARGET = 11.4;
				MTL_ENABLE_DEBUG_INFO = NO;
				SDKROOT = iphoneos;
				SWIFT_COMPILATION_MODE = wholemodule;
				SWIFT_OPTIMIZATION_LEVEL = "-O";
				VALIDATE_PRODUCT = YES;
			};
			name = Release;
		};
		2CE110C320F1C31400B93BEB /* Debug */ = {
			isa = XCBuildConfiguration;
			baseConfigurationReference = BDD4081D7EAEDC766BA9D65A /* Pods-eoshub.debug.xcconfig */;
			buildSettings = {
				ASSETCATALOG_COMPILER_APPICON_NAME = AppIcon;
				CODE_SIGN_STYLE = Automatic;
				DEVELOPMENT_TEAM = MY5T2D475Y;
				INFOPLIST_FILE = eoshub/Info.plist;
				IPHONEOS_DEPLOYMENT_TARGET = 11.0;
				LD_RUNPATH_SEARCH_PATHS = (
					"$(inherited)",
					"@executable_path/Frameworks",
				);
				PRODUCT_BUNDLE_IDENTIFIER = "com.peta-vision.eoshub";
				PRODUCT_NAME = "$(TARGET_NAME)";
				SWIFT_VERSION = 4.0;
				TARGETED_DEVICE_FAMILY = 1;
			};
			name = Debug;
		};
		2CE110C420F1C31400B93BEB /* Release */ = {
			isa = XCBuildConfiguration;
			baseConfigurationReference = 8C0A4A72F4D1FCB5DD4351B4 /* Pods-eoshub.release.xcconfig */;
			buildSettings = {
				ASSETCATALOG_COMPILER_APPICON_NAME = AppIcon;
				CODE_SIGN_STYLE = Automatic;
				DEVELOPMENT_TEAM = MY5T2D475Y;
				INFOPLIST_FILE = eoshub/Info.plist;
				IPHONEOS_DEPLOYMENT_TARGET = 11.0;
				LD_RUNPATH_SEARCH_PATHS = (
					"$(inherited)",
					"@executable_path/Frameworks",
				);
				PRODUCT_BUNDLE_IDENTIFIER = "com.peta-vision.eoshub";
				PRODUCT_NAME = "$(TARGET_NAME)";
				SWIFT_VERSION = 4.0;
				TARGETED_DEVICE_FAMILY = 1;
			};
			name = Release;
		};
		2CE110C620F1C31400B93BEB /* Debug */ = {
			isa = XCBuildConfiguration;
			baseConfigurationReference = 59AB798F947DAD2F27645CE8 /* Pods-eoshubTests.debug.xcconfig */;
			buildSettings = {
				ALWAYS_EMBED_SWIFT_STANDARD_LIBRARIES = YES;
				BUNDLE_LOADER = "$(TEST_HOST)";
				CODE_SIGN_STYLE = Automatic;
				DEVELOPMENT_TEAM = MY5T2D475Y;
				INFOPLIST_FILE = eoshubTests/Info.plist;
				LD_RUNPATH_SEARCH_PATHS = (
					"$(inherited)",
					"@executable_path/Frameworks",
					"@loader_path/Frameworks",
				);
				PRODUCT_BUNDLE_IDENTIFIER = "com.peta-vision.eoshubTests";
				PRODUCT_NAME = "$(TARGET_NAME)";
				SWIFT_VERSION = 4.0;
				TARGETED_DEVICE_FAMILY = "1,2";
				TEST_HOST = "$(BUILT_PRODUCTS_DIR)/eoshub.app/eoshub";
			};
			name = Debug;
		};
		2CE110C720F1C31400B93BEB /* Release */ = {
			isa = XCBuildConfiguration;
			baseConfigurationReference = 36B4AA61F57302C0EB3DA6AA /* Pods-eoshubTests.release.xcconfig */;
			buildSettings = {
				ALWAYS_EMBED_SWIFT_STANDARD_LIBRARIES = YES;
				BUNDLE_LOADER = "$(TEST_HOST)";
				CODE_SIGN_STYLE = Automatic;
				DEVELOPMENT_TEAM = MY5T2D475Y;
				INFOPLIST_FILE = eoshubTests/Info.plist;
				LD_RUNPATH_SEARCH_PATHS = (
					"$(inherited)",
					"@executable_path/Frameworks",
					"@loader_path/Frameworks",
				);
				PRODUCT_BUNDLE_IDENTIFIER = "com.peta-vision.eoshubTests";
				PRODUCT_NAME = "$(TARGET_NAME)";
				SWIFT_VERSION = 4.0;
				TARGETED_DEVICE_FAMILY = "1,2";
				TEST_HOST = "$(BUILT_PRODUCTS_DIR)/eoshub.app/eoshub";
			};
			name = Release;
		};
/* End XCBuildConfiguration section */

/* Begin XCConfigurationList section */
		2CE110A020F1C31000B93BEB /* Build configuration list for PBXProject "eoshub" */ = {
			isa = XCConfigurationList;
			buildConfigurations = (
				2CE110C020F1C31400B93BEB /* Debug */,
				2CE110C120F1C31400B93BEB /* Release */,
			);
			defaultConfigurationIsVisible = 0;
			defaultConfigurationName = Release;
		};
		2CE110C220F1C31400B93BEB /* Build configuration list for PBXNativeTarget "eoshub" */ = {
			isa = XCConfigurationList;
			buildConfigurations = (
				2CE110C320F1C31400B93BEB /* Debug */,
				2CE110C420F1C31400B93BEB /* Release */,
			);
			defaultConfigurationIsVisible = 0;
			defaultConfigurationName = Release;
		};
		2CE110C520F1C31400B93BEB /* Build configuration list for PBXNativeTarget "eoshubTests" */ = {
			isa = XCConfigurationList;
			buildConfigurations = (
				2CE110C620F1C31400B93BEB /* Debug */,
				2CE110C720F1C31400B93BEB /* Release */,
			);
			defaultConfigurationIsVisible = 0;
			defaultConfigurationName = Release;
		};
/* End XCConfigurationList section */
	};
	rootObject = 2CE1109D20F1C31000B93BEB /* Project object */;
}
