// !$*UTF8*$!
{
	archiveVersion = 1;
	classes = {
	};
	objectVersion = 50;
	objects = {

/* Begin PBXBuildFile section */
		2C05C88D20DF68E00052CEE4 /* Contract+Args.swift in Sources */ = {isa = PBXBuildFile; fileRef = 2C05C88C20DF68E00052CEE4 /* Contract+Args.swift */; };
		2C05C88F20DFDC8B0052CEE4 /* AccountManager.swift in Sources */ = {isa = PBXBuildFile; fileRef = 2C05C88E20DFDC8B0052CEE4 /* AccountManager.swift */; };
		2C08C8AF20F06A530048CC12 /* sha3.c in Sources */ = {isa = PBXBuildFile; fileRef = 2C08C8A420F06A520048CC12 /* sha3.c */; };
		2C08C8B020F06A530048CC12 /* rmd160.c in Sources */ = {isa = PBXBuildFile; fileRef = 2C08C8A520F06A520048CC12 /* rmd160.c */; };
		2C08C8B120F06A530048CC12 /* sha2.c in Sources */ = {isa = PBXBuildFile; fileRef = 2C08C8A920F06A530048CC12 /* sha2.c */; };
		2C08C8B220F06A530048CC12 /* uECC.c in Sources */ = {isa = PBXBuildFile; fileRef = 2C08C8AC20F06A530048CC12 /* uECC.c */; };
		2C08C8B320F06A530048CC12 /* base58.c in Sources */ = {isa = PBXBuildFile; fileRef = 2C08C8AD20F06A530048CC12 /* base58.c */; };
		2C0B5FEC20D2916A00F16A9D /* JSON.swift in Sources */ = {isa = PBXBuildFile; fileRef = 2C0B5FEB20D2916A00F16A9D /* JSON.swift */; };
		2C0B5FF020D291BD00F16A9D /* EOSHost.swift in Sources */ = {isa = PBXBuildFile; fileRef = 2C0B5FED20D291BD00F16A9D /* EOSHost.swift */; };
		2C0B5FF120D291BD00F16A9D /* RxAPIRequests.swift in Sources */ = {isa = PBXBuildFile; fileRef = 2C0B5FEE20D291BD00F16A9D /* RxAPIRequests.swift */; };
		2C0B5FF220D291BD00F16A9D /* EOSAPI.swift in Sources */ = {isa = PBXBuildFile; fileRef = 2C0B5FEF20D291BD00F16A9D /* EOSAPI.swift */; };
		2C0B5FF420D2B5F900F16A9D /* RxEOSAPI.swift in Sources */ = {isa = PBXBuildFile; fileRef = 2C0B5FF320D2B5F900F16A9D /* RxEOSAPI.swift */; };
		2C1480D420E8AF6E00878484 /* Packable.swift in Sources */ = {isa = PBXBuildFile; fileRef = 2C1480D320E8AF6E00878484 /* Packable.swift */; };
		2C314E8D20D60072009B5866 /* Date+extension.swift in Sources */ = {isa = PBXBuildFile; fileRef = 2C314E8C20D60072009B5866 /* Date+extension.swift */; };
		2C314E8F20D63627009B5866 /* EOSIOConfig.swift in Sources */ = {isa = PBXBuildFile; fileRef = 2C314E8E20D63627009B5866 /* EOSIOConfig.swift */; };
		2C314E9120D63710009B5866 /* Wallet.swift in Sources */ = {isa = PBXBuildFile; fileRef = 2C314E9020D63710009B5866 /* Wallet.swift */; };
		2C314E9320D63969009B5866 /* WalletManager.swift in Sources */ = {isa = PBXBuildFile; fileRef = 2C314E9220D63969009B5866 /* WalletManager.swift */; };
		2C314E9920D63E10009B5866 /* Authorization.swift in Sources */ = {isa = PBXBuildFile; fileRef = 2C314E9820D63E10009B5866 /* Authorization.swift */; };
		2C314E9B20D63E32009B5866 /* Permission.swift in Sources */ = {isa = PBXBuildFile; fileRef = 2C314E9A20D63E32009B5866 /* Permission.swift */; };
		2C314E9D20D63E65009B5866 /* Contract.swift in Sources */ = {isa = PBXBuildFile; fileRef = 2C314E9C20D63E65009B5866 /* Contract.swift */; };
		2C314E9F20D63F3B009B5866 /* Action.swift in Sources */ = {isa = PBXBuildFile; fileRef = 2C314E9E20D63F3B009B5866 /* Action.swift */; };
		2C314EA120D64174009B5866 /* Block.swift in Sources */ = {isa = PBXBuildFile; fileRef = 2C314EA020D64174009B5866 /* Block.swift */; };
		2C314EA320D643F4009B5866 /* Transaction.swift in Sources */ = {isa = PBXBuildFile; fileRef = 2C314EA220D643F4009B5866 /* Transaction.swift */; };
		2C314EA720D64DEE009B5866 /* Authority.swift in Sources */ = {isa = PBXBuildFile; fileRef = 2C314EA620D64DEE009B5866 /* Authority.swift */; };
		2C314EA920D656EF009B5866 /* SignedTransaction.swift in Sources */ = {isa = PBXBuildFile; fileRef = 2C314EA820D656EF009B5866 /* SignedTransaction.swift */; };
		2C314EAE20D68CCE009B5866 /* CreateWalletViewController.swift in Sources */ = {isa = PBXBuildFile; fileRef = 2C314EAD20D68CCE009B5866 /* CreateWalletViewController.swift */; };
		2C314EB020D68CE4009B5866 /* WalletViewController.swift in Sources */ = {isa = PBXBuildFile; fileRef = 2C314EAF20D68CE4009B5866 /* WalletViewController.swift */; };
		2C314EB320D69637009B5866 /* DBObject.swift in Sources */ = {isa = PBXBuildFile; fileRef = 2C314EB220D69637009B5866 /* DBObject.swift */; };
		2C314EB520D6988A009B5866 /* DispatchQueue.swift in Sources */ = {isa = PBXBuildFile; fileRef = 2C314EB420D6988A009B5866 /* DispatchQueue.swift */; };
		2C314EB720D6991C009B5866 /* Key.swift in Sources */ = {isa = PBXBuildFile; fileRef = 2C314EB620D6991C009B5866 /* Key.swift */; };
		2C314EBA20D69AC8009B5866 /* FlowController.swift in Sources */ = {isa = PBXBuildFile; fileRef = 2C314EB920D69AC8009B5866 /* FlowController.swift */; };
		2C314EBC20D69B1F009B5866 /* FlowConfigure.swift in Sources */ = {isa = PBXBuildFile; fileRef = 2C314EBB20D69B1F009B5866 /* FlowConfigure.swift */; };
		2C314EBE20D69DE9009B5866 /* CreateWalletFlowController.swift in Sources */ = {isa = PBXBuildFile; fileRef = 2C314EBD20D69DE9009B5866 /* CreateWalletFlowController.swift */; };
		2C314EC020D69FAC009B5866 /* MainFlowController.swift in Sources */ = {isa = PBXBuildFile; fileRef = 2C314EBF20D69FAC009B5866 /* MainFlowController.swift */; };
		2C314EC220D6A44B009B5866 /* Observable+extension.swift in Sources */ = {isa = PBXBuildFile; fileRef = 2C314EC120D6A44B009B5866 /* Observable+extension.swift */; };
		2C314EC520D6A65F009B5866 /* WalletView.swift in Sources */ = {isa = PBXBuildFile; fileRef = 2C314EC420D6A65F009B5866 /* WalletView.swift */; };
		2C314EC720D6A6C3009B5866 /* WalletView.xib in Resources */ = {isa = PBXBuildFile; fileRef = 2C314EC620D6A6C3009B5866 /* WalletView.xib */; };
		2C314EC920D6AD3B009B5866 /* GradientView.swift in Sources */ = {isa = PBXBuildFile; fileRef = 2C314EC820D6AD3A009B5866 /* GradientView.swift */; };
		2C314ECB20D6B054009B5866 /* Currency.swift in Sources */ = {isa = PBXBuildFile; fileRef = 2C314ECA20D6B054009B5866 /* Currency.swift */; };
		2C314ECD20D6B361009B5866 /* WalletFlowController.swift in Sources */ = {isa = PBXBuildFile; fileRef = 2C314ECC20D6B361009B5866 /* WalletFlowController.swift */; };
		2C314ECF20D6B3EC009B5866 /* FlowEventDelegate.swift in Sources */ = {isa = PBXBuildFile; fileRef = 2C314ECE20D6B3EC009B5866 /* FlowEventDelegate.swift */; };
		2C314ED120D6BE74009B5866 /* SettingViewController.swift in Sources */ = {isa = PBXBuildFile; fileRef = 2C314ED020D6BE74009B5866 /* SettingViewController.swift */; };
		2C314ED320D6C118009B5866 /* SettingFlowController.swift in Sources */ = {isa = PBXBuildFile; fileRef = 2C314ED220D6C118009B5866 /* SettingFlowController.swift */; };
		2C5D5CCF20E3D026008E8FA0 /* BlockProducer.swift in Sources */ = {isa = PBXBuildFile; fileRef = 2C5D5CCE20E3D026008E8FA0 /* BlockProducer.swift */; };
		2C5D5F1520EE5E1200DC18FD /* Sha256.m in Sources */ = {isa = PBXBuildFile; fileRef = 2C5D5F1420EE5E1200DC18FD /* Sha256.m */; };
		2C5D5F1720EE716800DC18FD /* PackedTransaction.swift in Sources */ = {isa = PBXBuildFile; fileRef = 2C5D5F1620EE716800DC18FD /* PackedTransaction.swift */; };
		2C64CFA020E2756900F26EBC /* Account.swift in Sources */ = {isa = PBXBuildFile; fileRef = 2C64CF9F20E2756900F26EBC /* Account.swift */; };
		2C64CFA220E278DF00F26EBC /* Bandwidth.swift in Sources */ = {isa = PBXBuildFile; fileRef = 2C64CFA120E278DF00F26EBC /* Bandwidth.swift */; };
		2C64CFA420E27A6C00F26EBC /* Resources.swift in Sources */ = {isa = PBXBuildFile; fileRef = 2C64CFA320E27A6C00F26EBC /* Resources.swift */; };
		2C65EB2420EBBE9000CDDB27 /* EOSName.swift in Sources */ = {isa = PBXBuildFile; fileRef = 2C65EB2320EBBE9000CDDB27 /* EOSName.swift */; };
		2C65EB2620EBC03A00CDDB27 /* Character+extension.swift in Sources */ = {isa = PBXBuildFile; fileRef = 2C65EB2520EBC03A00CDDB27 /* Character+extension.swift */; };
		2C65EB2820EBC12500CDDB27 /* String+extension.swift in Sources */ = {isa = PBXBuildFile; fileRef = 2C65EB2720EBC12500CDDB27 /* String+extension.swift */; };
		2C65EB2D20ECEC5800CDDB27 /* TransactionHeader.swift in Sources */ = {isa = PBXBuildFile; fileRef = 2C65EB2C20ECEC5800CDDB27 /* TransactionHeader.swift */; };
		2C65EB2F20ECF90000CDDB27 /* Hex.swift in Sources */ = {isa = PBXBuildFile; fileRef = 2C65EB2E20ECF90000CDDB27 /* Hex.swift */; };
		2C65EB3220ED0B8700CDDB27 /* LocalWallet.swift in Sources */ = {isa = PBXBuildFile; fileRef = 2C65EB3120ED0B8700CDDB27 /* LocalWallet.swift */; };
		2C65EB7F20ED1D1200CDDB27 /* AESCrypt.m in Sources */ = {isa = PBXBuildFile; fileRef = 2C65EB4420ED1D1200CDDB27 /* AESCrypt.m */; };
		2C65EB8020ED1D1200CDDB27 /* Base64.m in Sources */ = {isa = PBXBuildFile; fileRef = 2C65EB4620ED1D1200CDDB27 /* Base64.m */; };
		2C65EB8120ED1D1200CDDB27 /* NSData+CommonCrypto.m in Sources */ = {isa = PBXBuildFile; fileRef = 2C65EB4820ED1D1200CDDB27 /* NSData+CommonCrypto.m */; };
		2C65EB8220ED1D1200CDDB27 /* NSObject+Extension.m in Sources */ = {isa = PBXBuildFile; fileRef = 2C65EB4A20ED1D1200CDDB27 /* NSObject+Extension.m */; };
		2C65EB8320ED1D1200CDDB27 /* PBKDF2.m in Sources */ = {isa = PBXBuildFile; fileRef = 2C65EB4C20ED1D1200CDDB27 /* PBKDF2.m */; };
		2C65EB8B20ED1D1200CDDB27 /* EcDsa.m in Sources */ = {isa = PBXBuildFile; fileRef = 2C65EB5F20ED1D1200CDDB27 /* EcDsa.m */; };
		2C65EB8C20ED1D1200CDDB27 /* EOS_Key_Encode.m in Sources */ = {isa = PBXBuildFile; fileRef = 2C65EB6120ED1D1200CDDB27 /* EOS_Key_Encode.m */; };
		2C65EB8E20ED1D1200CDDB27 /* EosPrivateKey.m in Sources */ = {isa = PBXBuildFile; fileRef = 2C65EB6520ED1D1200CDDB27 /* EosPrivateKey.m */; };
		2C65EB9120ED1D1200CDDB27 /* NSString+Hash.m in Sources */ = {isa = PBXBuildFile; fileRef = 2C65EB6C20ED1D1200CDDB27 /* NSString+Hash.m */; };
		2C65EB9620ED1D1200CDDB27 /* JKBigDecimal.m in Sources */ = {isa = PBXBuildFile; fileRef = 2C65EB7720ED1D1200CDDB27 /* JKBigDecimal.m */; };
		2C65EB9720ED1D1200CDDB27 /* JKBigInteger.m in Sources */ = {isa = PBXBuildFile; fileRef = 2C65EB7920ED1D1200CDDB27 /* JKBigInteger.m */; };
		2C65EB9820ED1D1200CDDB27 /* tommath.c in Sources */ = {isa = PBXBuildFile; fileRef = 2C65EB7B20ED1D1200CDDB27 /* tommath.c */; };
		2C65EBAC20ED21C100CDDB27 /* Crypto.m in Sources */ = {isa = PBXBuildFile; fileRef = 2C65EBAB20ED21C100CDDB27 /* Crypto.m */; };
		2C65EBAF20ED3B3B00CDDB27 /* Sha.m in Sources */ = {isa = PBXBuildFile; fileRef = 2C65EBAE20ED3B3B00CDDB27 /* Sha.m */; };
		2C7C70F220D4BEB600891BAD /* EOSErrorType.swift in Sources */ = {isa = PBXBuildFile; fileRef = 2C7C70F120D4BEB600891BAD /* EOSErrorType.swift */; };
		2C7C70F520D4DE2E00891BAD /* EOSResponseModel.swift in Sources */ = {isa = PBXBuildFile; fileRef = 2C7C70F420D4DE2E00891BAD /* EOSResponseModel.swift */; };
		2CCC41E820D149DA00A671A9 /* AppDelegate.swift in Sources */ = {isa = PBXBuildFile; fileRef = 2CCC41E720D149DA00A671A9 /* AppDelegate.swift */; };
		2CCC41EA20D149DA00A671A9 /* ViewController.swift in Sources */ = {isa = PBXBuildFile; fileRef = 2CCC41E920D149DA00A671A9 /* ViewController.swift */; };
		2CCC41ED20D149DA00A671A9 /* Main.storyboard in Resources */ = {isa = PBXBuildFile; fileRef = 2CCC41EB20D149DA00A671A9 /* Main.storyboard */; };
		2CCC41EF20D149DB00A671A9 /* Assets.xcassets in Resources */ = {isa = PBXBuildFile; fileRef = 2CCC41EE20D149DB00A671A9 /* Assets.xcassets */; };
		2CCC41F220D149DB00A671A9 /* LaunchScreen.storyboard in Resources */ = {isa = PBXBuildFile; fileRef = 2CCC41F020D149DB00A671A9 /* LaunchScreen.storyboard */; };
		2CCC41FD20D149DB00A671A9 /* eosio_apiTests.swift in Sources */ = {isa = PBXBuildFile; fileRef = 2CCC41FC20D149DB00A671A9 /* eosio_apiTests.swift */; };
		2CFBF33A20DBD36B0004CD7C /* MainTabBarViewController.swift in Sources */ = {isa = PBXBuildFile; fileRef = 2CFBF33920DBD36B0004CD7C /* MainTabBarViewController.swift */; };
		2CFBF33C20DBD3E30004CD7C /* MainTabBarFlowController.swift in Sources */ = {isa = PBXBuildFile; fileRef = 2CFBF33B20DBD3E30004CD7C /* MainTabBarFlowController.swift */; };
		2CFBF33E20DBD78E0004CD7C /* VoteViewController.swift in Sources */ = {isa = PBXBuildFile; fileRef = 2CFBF33D20DBD78E0004CD7C /* VoteViewController.swift */; };
		2CFBF34020DBD8030004CD7C /* BpListCell.swift in Sources */ = {isa = PBXBuildFile; fileRef = 2CFBF33F20DBD8030004CD7C /* BpListCell.swift */; };
		2CFBF34220DBD85F0004CD7C /* BpListCell.xib in Resources */ = {isa = PBXBuildFile; fileRef = 2CFBF34120DBD85F0004CD7C /* BpListCell.xib */; };
		A59302ACED796A019A5098FA /* Pods_eosio_apiTests.framework in Frameworks */ = {isa = PBXBuildFile; fileRef = B874C7849B314D2DCEB1726B /* Pods_eosio_apiTests.framework */; };
		BF5B77B8763343B5C3B42832 /* Pods_eosio_api.framework in Frameworks */ = {isa = PBXBuildFile; fileRef = 67C014B7CA9527702588557B /* Pods_eosio_api.framework */; };
/* End PBXBuildFile section */

/* Begin PBXContainerItemProxy section */
		2CCC41F920D149DB00A671A9 /* PBXContainerItemProxy */ = {
			isa = PBXContainerItemProxy;
			containerPortal = 2CCC41DC20D149DA00A671A9 /* Project object */;
			proxyType = 1;
			remoteGlobalIDString = 2CCC41E320D149DA00A671A9;
			remoteInfo = "eosio-api";
		};
/* End PBXContainerItemProxy section */

/* Begin PBXFileReference section */
		2C05C88C20DF68E00052CEE4 /* Contract+Args.swift */ = {isa = PBXFileReference; lastKnownFileType = sourcecode.swift; path = "Contract+Args.swift"; sourceTree = "<group>"; };
		2C05C88E20DFDC8B0052CEE4 /* AccountManager.swift */ = {isa = PBXFileReference; lastKnownFileType = sourcecode.swift; path = AccountManager.swift; sourceTree = "<group>"; };
		2C08C8A320F06A520048CC12 /* libbase58.h */ = {isa = PBXFileReference; fileEncoding = 4; lastKnownFileType = sourcecode.c.h; path = libbase58.h; sourceTree = "<group>"; };
		2C08C8A420F06A520048CC12 /* sha3.c */ = {isa = PBXFileReference; fileEncoding = 4; lastKnownFileType = sourcecode.c.c; path = sha3.c; sourceTree = "<group>"; };
		2C08C8A520F06A520048CC12 /* rmd160.c */ = {isa = PBXFileReference; fileEncoding = 4; lastKnownFileType = sourcecode.c.c; path = rmd160.c; sourceTree = "<group>"; };
		2C08C8A620F06A520048CC12 /* uECC.h */ = {isa = PBXFileReference; fileEncoding = 4; lastKnownFileType = sourcecode.c.h; path = uECC.h; sourceTree = "<group>"; };
		2C08C8A720F06A520048CC12 /* sha3.h */ = {isa = PBXFileReference; fileEncoding = 4; lastKnownFileType = sourcecode.c.h; path = sha3.h; sourceTree = "<group>"; };
		2C08C8A820F06A520048CC12 /* macros.h */ = {isa = PBXFileReference; fileEncoding = 4; lastKnownFileType = sourcecode.c.h; path = macros.h; sourceTree = "<group>"; };
		2C08C8A920F06A530048CC12 /* sha2.c */ = {isa = PBXFileReference; fileEncoding = 4; lastKnownFileType = sourcecode.c.c; path = sha2.c; sourceTree = "<group>"; };
		2C08C8AA20F06A530048CC12 /* rmd160.h */ = {isa = PBXFileReference; fileEncoding = 4; lastKnownFileType = sourcecode.c.h; path = rmd160.h; sourceTree = "<group>"; };
		2C08C8AB20F06A530048CC12 /* options.h */ = {isa = PBXFileReference; fileEncoding = 4; lastKnownFileType = sourcecode.c.h; path = options.h; sourceTree = "<group>"; };
		2C08C8AC20F06A530048CC12 /* uECC.c */ = {isa = PBXFileReference; fileEncoding = 4; lastKnownFileType = sourcecode.c.c; path = uECC.c; sourceTree = "<group>"; };
		2C08C8AD20F06A530048CC12 /* base58.c */ = {isa = PBXFileReference; fileEncoding = 4; lastKnownFileType = sourcecode.c.c; path = base58.c; sourceTree = "<group>"; };
		2C08C8AE20F06A530048CC12 /* sha2.h */ = {isa = PBXFileReference; fileEncoding = 4; lastKnownFileType = sourcecode.c.h; path = sha2.h; sourceTree = "<group>"; };
		2C0B5FEB20D2916A00F16A9D /* JSON.swift */ = {isa = PBXFileReference; fileEncoding = 4; lastKnownFileType = sourcecode.swift; path = JSON.swift; sourceTree = "<group>"; };
		2C0B5FED20D291BD00F16A9D /* EOSHost.swift */ = {isa = PBXFileReference; fileEncoding = 4; lastKnownFileType = sourcecode.swift; path = EOSHost.swift; sourceTree = "<group>"; };
		2C0B5FEE20D291BD00F16A9D /* RxAPIRequests.swift */ = {isa = PBXFileReference; fileEncoding = 4; lastKnownFileType = sourcecode.swift; path = RxAPIRequests.swift; sourceTree = "<group>"; };
		2C0B5FEF20D291BD00F16A9D /* EOSAPI.swift */ = {isa = PBXFileReference; fileEncoding = 4; lastKnownFileType = sourcecode.swift; path = EOSAPI.swift; sourceTree = "<group>"; };
		2C0B5FF320D2B5F900F16A9D /* RxEOSAPI.swift */ = {isa = PBXFileReference; lastKnownFileType = sourcecode.swift; path = RxEOSAPI.swift; sourceTree = "<group>"; };
		2C1480D320E8AF6E00878484 /* Packable.swift */ = {isa = PBXFileReference; lastKnownFileType = sourcecode.swift; path = Packable.swift; sourceTree = "<group>"; };
		2C314E8C20D60072009B5866 /* Date+extension.swift */ = {isa = PBXFileReference; lastKnownFileType = sourcecode.swift; path = "Date+extension.swift"; sourceTree = "<group>"; };
		2C314E8E20D63627009B5866 /* EOSIOConfig.swift */ = {isa = PBXFileReference; lastKnownFileType = sourcecode.swift; path = EOSIOConfig.swift; sourceTree = "<group>"; };
		2C314E9020D63710009B5866 /* Wallet.swift */ = {isa = PBXFileReference; lastKnownFileType = sourcecode.swift; path = Wallet.swift; sourceTree = "<group>"; };
		2C314E9220D63969009B5866 /* WalletManager.swift */ = {isa = PBXFileReference; lastKnownFileType = sourcecode.swift; path = WalletManager.swift; sourceTree = "<group>"; };
		2C314E9820D63E10009B5866 /* Authorization.swift */ = {isa = PBXFileReference; lastKnownFileType = sourcecode.swift; path = Authorization.swift; sourceTree = "<group>"; };
		2C314E9A20D63E32009B5866 /* Permission.swift */ = {isa = PBXFileReference; lastKnownFileType = sourcecode.swift; path = Permission.swift; sourceTree = "<group>"; };
		2C314E9C20D63E65009B5866 /* Contract.swift */ = {isa = PBXFileReference; lastKnownFileType = sourcecode.swift; path = Contract.swift; sourceTree = "<group>"; };
		2C314E9E20D63F3B009B5866 /* Action.swift */ = {isa = PBXFileReference; lastKnownFileType = sourcecode.swift; path = Action.swift; sourceTree = "<group>"; };
		2C314EA020D64174009B5866 /* Block.swift */ = {isa = PBXFileReference; lastKnownFileType = sourcecode.swift; path = Block.swift; sourceTree = "<group>"; };
		2C314EA220D643F4009B5866 /* Transaction.swift */ = {isa = PBXFileReference; lastKnownFileType = sourcecode.swift; path = Transaction.swift; sourceTree = "<group>"; };
		2C314EA620D64DEE009B5866 /* Authority.swift */ = {isa = PBXFileReference; lastKnownFileType = sourcecode.swift; path = Authority.swift; sourceTree = "<group>"; };
		2C314EA820D656EF009B5866 /* SignedTransaction.swift */ = {isa = PBXFileReference; lastKnownFileType = sourcecode.swift; path = SignedTransaction.swift; sourceTree = "<group>"; };
		2C314EAD20D68CCE009B5866 /* CreateWalletViewController.swift */ = {isa = PBXFileReference; lastKnownFileType = sourcecode.swift; path = CreateWalletViewController.swift; sourceTree = "<group>"; };
		2C314EAF20D68CE4009B5866 /* WalletViewController.swift */ = {isa = PBXFileReference; lastKnownFileType = sourcecode.swift; path = WalletViewController.swift; sourceTree = "<group>"; };
		2C314EB220D69637009B5866 /* DBObject.swift */ = {isa = PBXFileReference; lastKnownFileType = sourcecode.swift; path = DBObject.swift; sourceTree = "<group>"; };
		2C314EB420D6988A009B5866 /* DispatchQueue.swift */ = {isa = PBXFileReference; lastKnownFileType = sourcecode.swift; path = DispatchQueue.swift; sourceTree = "<group>"; };
		2C314EB620D6991C009B5866 /* Key.swift */ = {isa = PBXFileReference; lastKnownFileType = sourcecode.swift; path = Key.swift; sourceTree = "<group>"; };
		2C314EB920D69AC8009B5866 /* FlowController.swift */ = {isa = PBXFileReference; lastKnownFileType = sourcecode.swift; path = FlowController.swift; sourceTree = "<group>"; };
		2C314EBB20D69B1F009B5866 /* FlowConfigure.swift */ = {isa = PBXFileReference; lastKnownFileType = sourcecode.swift; path = FlowConfigure.swift; sourceTree = "<group>"; };
		2C314EBD20D69DE9009B5866 /* CreateWalletFlowController.swift */ = {isa = PBXFileReference; lastKnownFileType = sourcecode.swift; path = CreateWalletFlowController.swift; sourceTree = "<group>"; };
		2C314EBF20D69FAC009B5866 /* MainFlowController.swift */ = {isa = PBXFileReference; lastKnownFileType = sourcecode.swift; path = MainFlowController.swift; sourceTree = "<group>"; };
		2C314EC120D6A44B009B5866 /* Observable+extension.swift */ = {isa = PBXFileReference; lastKnownFileType = sourcecode.swift; path = "Observable+extension.swift"; sourceTree = "<group>"; };
		2C314EC420D6A65F009B5866 /* WalletView.swift */ = {isa = PBXFileReference; lastKnownFileType = sourcecode.swift; path = WalletView.swift; sourceTree = "<group>"; };
		2C314EC620D6A6C3009B5866 /* WalletView.xib */ = {isa = PBXFileReference; lastKnownFileType = file.xib; path = WalletView.xib; sourceTree = "<group>"; };
		2C314EC820D6AD3A009B5866 /* GradientView.swift */ = {isa = PBXFileReference; fileEncoding = 4; lastKnownFileType = sourcecode.swift; path = GradientView.swift; sourceTree = "<group>"; };
		2C314ECA20D6B054009B5866 /* Currency.swift */ = {isa = PBXFileReference; lastKnownFileType = sourcecode.swift; path = Currency.swift; sourceTree = "<group>"; };
		2C314ECC20D6B361009B5866 /* WalletFlowController.swift */ = {isa = PBXFileReference; lastKnownFileType = sourcecode.swift; path = WalletFlowController.swift; sourceTree = "<group>"; };
		2C314ECE20D6B3EC009B5866 /* FlowEventDelegate.swift */ = {isa = PBXFileReference; lastKnownFileType = sourcecode.swift; path = FlowEventDelegate.swift; sourceTree = "<group>"; };
		2C314ED020D6BE74009B5866 /* SettingViewController.swift */ = {isa = PBXFileReference; lastKnownFileType = sourcecode.swift; path = SettingViewController.swift; sourceTree = "<group>"; };
		2C314ED220D6C118009B5866 /* SettingFlowController.swift */ = {isa = PBXFileReference; lastKnownFileType = sourcecode.swift; path = SettingFlowController.swift; sourceTree = "<group>"; };
		2C5D5CCE20E3D026008E8FA0 /* BlockProducer.swift */ = {isa = PBXFileReference; lastKnownFileType = sourcecode.swift; path = BlockProducer.swift; sourceTree = "<group>"; };
		2C5D5F1320EE5E1200DC18FD /* Sha256.h */ = {isa = PBXFileReference; fileEncoding = 4; lastKnownFileType = sourcecode.c.h; path = Sha256.h; sourceTree = "<group>"; };
		2C5D5F1420EE5E1200DC18FD /* Sha256.m */ = {isa = PBXFileReference; fileEncoding = 4; lastKnownFileType = sourcecode.c.objc; path = Sha256.m; sourceTree = "<group>"; };
		2C5D5F1620EE716800DC18FD /* PackedTransaction.swift */ = {isa = PBXFileReference; lastKnownFileType = sourcecode.swift; path = PackedTransaction.swift; sourceTree = "<group>"; };
		2C64CF9F20E2756900F26EBC /* Account.swift */ = {isa = PBXFileReference; lastKnownFileType = sourcecode.swift; path = Account.swift; sourceTree = "<group>"; };
		2C64CFA120E278DF00F26EBC /* Bandwidth.swift */ = {isa = PBXFileReference; lastKnownFileType = sourcecode.swift; path = Bandwidth.swift; sourceTree = "<group>"; };
		2C64CFA320E27A6C00F26EBC /* Resources.swift */ = {isa = PBXFileReference; lastKnownFileType = sourcecode.swift; path = Resources.swift; sourceTree = "<group>"; };
		2C65EB2320EBBE9000CDDB27 /* EOSName.swift */ = {isa = PBXFileReference; lastKnownFileType = sourcecode.swift; path = EOSName.swift; sourceTree = "<group>"; };
		2C65EB2520EBC03A00CDDB27 /* Character+extension.swift */ = {isa = PBXFileReference; lastKnownFileType = sourcecode.swift; path = "Character+extension.swift"; sourceTree = "<group>"; };
		2C65EB2720EBC12500CDDB27 /* String+extension.swift */ = {isa = PBXFileReference; lastKnownFileType = sourcecode.swift; path = "String+extension.swift"; sourceTree = "<group>"; };
		2C65EB2C20ECEC5800CDDB27 /* TransactionHeader.swift */ = {isa = PBXFileReference; lastKnownFileType = sourcecode.swift; path = TransactionHeader.swift; sourceTree = "<group>"; };
		2C65EB2E20ECF90000CDDB27 /* Hex.swift */ = {isa = PBXFileReference; lastKnownFileType = sourcecode.swift; path = Hex.swift; sourceTree = "<group>"; };
		2C65EB3120ED0B8700CDDB27 /* LocalWallet.swift */ = {isa = PBXFileReference; lastKnownFileType = sourcecode.swift; path = LocalWallet.swift; sourceTree = "<group>"; };
		2C65EB4320ED1D1200CDDB27 /* AESCrypt.h */ = {isa = PBXFileReference; fileEncoding = 4; lastKnownFileType = sourcecode.c.h; path = AESCrypt.h; sourceTree = "<group>"; };
		2C65EB4420ED1D1200CDDB27 /* AESCrypt.m */ = {isa = PBXFileReference; fileEncoding = 4; lastKnownFileType = sourcecode.c.objc; path = AESCrypt.m; sourceTree = "<group>"; };
		2C65EB4520ED1D1200CDDB27 /* Base64.h */ = {isa = PBXFileReference; fileEncoding = 4; lastKnownFileType = sourcecode.c.h; path = Base64.h; sourceTree = "<group>"; };
		2C65EB4620ED1D1200CDDB27 /* Base64.m */ = {isa = PBXFileReference; fileEncoding = 4; lastKnownFileType = sourcecode.c.objc; path = Base64.m; sourceTree = "<group>"; };
		2C65EB4720ED1D1200CDDB27 /* NSData+CommonCrypto.h */ = {isa = PBXFileReference; fileEncoding = 4; lastKnownFileType = sourcecode.c.h; path = "NSData+CommonCrypto.h"; sourceTree = "<group>"; };
		2C65EB4820ED1D1200CDDB27 /* NSData+CommonCrypto.m */ = {isa = PBXFileReference; fileEncoding = 4; lastKnownFileType = sourcecode.c.objc; path = "NSData+CommonCrypto.m"; sourceTree = "<group>"; };
		2C65EB4920ED1D1200CDDB27 /* NSObject+Extension.h */ = {isa = PBXFileReference; fileEncoding = 4; lastKnownFileType = sourcecode.c.h; path = "NSObject+Extension.h"; sourceTree = "<group>"; };
		2C65EB4A20ED1D1200CDDB27 /* NSObject+Extension.m */ = {isa = PBXFileReference; fileEncoding = 4; lastKnownFileType = sourcecode.c.objc; path = "NSObject+Extension.m"; sourceTree = "<group>"; };
		2C65EB4B20ED1D1200CDDB27 /* PBKDF2.h */ = {isa = PBXFileReference; fileEncoding = 4; lastKnownFileType = sourcecode.c.h; path = PBKDF2.h; sourceTree = "<group>"; };
		2C65EB4C20ED1D1200CDDB27 /* PBKDF2.m */ = {isa = PBXFileReference; fileEncoding = 4; lastKnownFileType = sourcecode.c.objc; path = PBKDF2.m; sourceTree = "<group>"; };
		2C65EB5E20ED1D1200CDDB27 /* EcDsa.h */ = {isa = PBXFileReference; fileEncoding = 4; lastKnownFileType = sourcecode.c.h; path = EcDsa.h; sourceTree = "<group>"; };
		2C65EB5F20ED1D1200CDDB27 /* EcDsa.m */ = {isa = PBXFileReference; fileEncoding = 4; lastKnownFileType = sourcecode.c.objc; path = EcDsa.m; sourceTree = "<group>"; };
		2C65EB6020ED1D1200CDDB27 /* EOS_Key_Encode.h */ = {isa = PBXFileReference; fileEncoding = 4; lastKnownFileType = sourcecode.c.h; path = EOS_Key_Encode.h; sourceTree = "<group>"; };
		2C65EB6120ED1D1200CDDB27 /* EOS_Key_Encode.m */ = {isa = PBXFileReference; fileEncoding = 4; lastKnownFileType = sourcecode.c.objc; path = EOS_Key_Encode.m; sourceTree = "<group>"; };
		2C65EB6420ED1D1200CDDB27 /* EosPrivateKey.h */ = {isa = PBXFileReference; fileEncoding = 4; lastKnownFileType = sourcecode.c.h; path = EosPrivateKey.h; sourceTree = "<group>"; };
		2C65EB6520ED1D1200CDDB27 /* EosPrivateKey.m */ = {isa = PBXFileReference; fileEncoding = 4; lastKnownFileType = sourcecode.c.objc; path = EosPrivateKey.m; sourceTree = "<group>"; };
		2C65EB6B20ED1D1200CDDB27 /* NSString+Hash.h */ = {isa = PBXFileReference; fileEncoding = 4; lastKnownFileType = sourcecode.c.h; path = "NSString+Hash.h"; sourceTree = "<group>"; };
		2C65EB6C20ED1D1200CDDB27 /* NSString+Hash.m */ = {isa = PBXFileReference; fileEncoding = 4; lastKnownFileType = sourcecode.c.objc; path = "NSString+Hash.m"; sourceTree = "<group>"; };
		2C65EB7620ED1D1200CDDB27 /* JKBigDecimal.h */ = {isa = PBXFileReference; fileEncoding = 4; lastKnownFileType = sourcecode.c.h; path = JKBigDecimal.h; sourceTree = "<group>"; };
		2C65EB7720ED1D1200CDDB27 /* JKBigDecimal.m */ = {isa = PBXFileReference; fileEncoding = 4; lastKnownFileType = sourcecode.c.objc; path = JKBigDecimal.m; sourceTree = "<group>"; };
		2C65EB7820ED1D1200CDDB27 /* JKBigInteger.h */ = {isa = PBXFileReference; fileEncoding = 4; lastKnownFileType = sourcecode.c.h; path = JKBigInteger.h; sourceTree = "<group>"; };
		2C65EB7920ED1D1200CDDB27 /* JKBigInteger.m */ = {isa = PBXFileReference; fileEncoding = 4; lastKnownFileType = sourcecode.c.objc; path = JKBigInteger.m; sourceTree = "<group>"; };
		2C65EB7B20ED1D1200CDDB27 /* tommath.c */ = {isa = PBXFileReference; fileEncoding = 4; lastKnownFileType = sourcecode.c.c; path = tommath.c; sourceTree = "<group>"; };
		2C65EB7C20ED1D1200CDDB27 /* tommath.h */ = {isa = PBXFileReference; fileEncoding = 4; lastKnownFileType = sourcecode.c.h; path = tommath.h; sourceTree = "<group>"; };
		2C65EB7D20ED1D1200CDDB27 /* tommath_class.h */ = {isa = PBXFileReference; fileEncoding = 4; lastKnownFileType = sourcecode.c.h; path = tommath_class.h; sourceTree = "<group>"; };
		2C65EB7E20ED1D1200CDDB27 /* tommath_superclass.h */ = {isa = PBXFileReference; fileEncoding = 4; lastKnownFileType = sourcecode.c.h; path = tommath_superclass.h; sourceTree = "<group>"; };
		2C65EBA620ED1E6900CDDB27 /* Bridging-Header.h */ = {isa = PBXFileReference; lastKnownFileType = sourcecode.c.h; path = "Bridging-Header.h"; sourceTree = "<group>"; };
		2C65EBAA20ED21C100CDDB27 /* Crypto.h */ = {isa = PBXFileReference; lastKnownFileType = sourcecode.c.h; path = Crypto.h; sourceTree = "<group>"; };
		2C65EBAB20ED21C100CDDB27 /* Crypto.m */ = {isa = PBXFileReference; lastKnownFileType = sourcecode.c.objc; path = Crypto.m; sourceTree = "<group>"; };
		2C65EBAD20ED3B3B00CDDB27 /* Sha.h */ = {isa = PBXFileReference; lastKnownFileType = sourcecode.c.h; path = Sha.h; sourceTree = "<group>"; };
		2C65EBAE20ED3B3B00CDDB27 /* Sha.m */ = {isa = PBXFileReference; lastKnownFileType = sourcecode.c.objc; path = Sha.m; sourceTree = "<group>"; };
		2C7C70F120D4BEB600891BAD /* EOSErrorType.swift */ = {isa = PBXFileReference; lastKnownFileType = sourcecode.swift; path = EOSErrorType.swift; sourceTree = "<group>"; };
		2C7C70F420D4DE2E00891BAD /* EOSResponseModel.swift */ = {isa = PBXFileReference; lastKnownFileType = sourcecode.swift; path = EOSResponseModel.swift; sourceTree = "<group>"; };
		2CCC41E420D149DA00A671A9 /* eosio-api.app */ = {isa = PBXFileReference; explicitFileType = wrapper.application; includeInIndex = 0; path = "eosio-api.app"; sourceTree = BUILT_PRODUCTS_DIR; };
		2CCC41E720D149DA00A671A9 /* AppDelegate.swift */ = {isa = PBXFileReference; lastKnownFileType = sourcecode.swift; path = AppDelegate.swift; sourceTree = "<group>"; };
		2CCC41E920D149DA00A671A9 /* ViewController.swift */ = {isa = PBXFileReference; lastKnownFileType = sourcecode.swift; path = ViewController.swift; sourceTree = "<group>"; };
		2CCC41EC20D149DA00A671A9 /* Base */ = {isa = PBXFileReference; lastKnownFileType = file.storyboard; name = Base; path = Base.lproj/Main.storyboard; sourceTree = "<group>"; };
		2CCC41EE20D149DB00A671A9 /* Assets.xcassets */ = {isa = PBXFileReference; lastKnownFileType = folder.assetcatalog; path = Assets.xcassets; sourceTree = "<group>"; };
		2CCC41F120D149DB00A671A9 /* Base */ = {isa = PBXFileReference; lastKnownFileType = file.storyboard; name = Base; path = Base.lproj/LaunchScreen.storyboard; sourceTree = "<group>"; };
		2CCC41F320D149DB00A671A9 /* Info.plist */ = {isa = PBXFileReference; lastKnownFileType = text.plist.xml; path = Info.plist; sourceTree = "<group>"; };
		2CCC41F820D149DB00A671A9 /* eosio-apiTests.xctest */ = {isa = PBXFileReference; explicitFileType = wrapper.cfbundle; includeInIndex = 0; path = "eosio-apiTests.xctest"; sourceTree = BUILT_PRODUCTS_DIR; };
		2CCC41FC20D149DB00A671A9 /* eosio_apiTests.swift */ = {isa = PBXFileReference; lastKnownFileType = sourcecode.swift; path = eosio_apiTests.swift; sourceTree = "<group>"; };
		2CCC41FE20D149DB00A671A9 /* Info.plist */ = {isa = PBXFileReference; lastKnownFileType = text.plist.xml; path = Info.plist; sourceTree = "<group>"; };
		2CFBF33920DBD36B0004CD7C /* MainTabBarViewController.swift */ = {isa = PBXFileReference; lastKnownFileType = sourcecode.swift; path = MainTabBarViewController.swift; sourceTree = "<group>"; };
		2CFBF33B20DBD3E30004CD7C /* MainTabBarFlowController.swift */ = {isa = PBXFileReference; lastKnownFileType = sourcecode.swift; path = MainTabBarFlowController.swift; sourceTree = "<group>"; };
		2CFBF33D20DBD78E0004CD7C /* VoteViewController.swift */ = {isa = PBXFileReference; lastKnownFileType = sourcecode.swift; path = VoteViewController.swift; sourceTree = "<group>"; };
		2CFBF33F20DBD8030004CD7C /* BpListCell.swift */ = {isa = PBXFileReference; lastKnownFileType = sourcecode.swift; path = BpListCell.swift; sourceTree = "<group>"; };
		2CFBF34120DBD85F0004CD7C /* BpListCell.xib */ = {isa = PBXFileReference; lastKnownFileType = file.xib; path = BpListCell.xib; sourceTree = "<group>"; };
		41BD664B4DA499AD750E47FE /* Pods-eosio-apiTests.debug.xcconfig */ = {isa = PBXFileReference; includeInIndex = 1; lastKnownFileType = text.xcconfig; name = "Pods-eosio-apiTests.debug.xcconfig"; path = "Pods/Target Support Files/Pods-eosio-apiTests/Pods-eosio-apiTests.debug.xcconfig"; sourceTree = "<group>"; };
		67C014B7CA9527702588557B /* Pods_eosio_api.framework */ = {isa = PBXFileReference; explicitFileType = wrapper.framework; includeInIndex = 0; path = Pods_eosio_api.framework; sourceTree = BUILT_PRODUCTS_DIR; };
		92E0DA78DF1D8785ECACE181 /* Pods-eosio-api.debug.xcconfig */ = {isa = PBXFileReference; includeInIndex = 1; lastKnownFileType = text.xcconfig; name = "Pods-eosio-api.debug.xcconfig"; path = "Pods/Target Support Files/Pods-eosio-api/Pods-eosio-api.debug.xcconfig"; sourceTree = "<group>"; };
		977D5A0D65C994503AF49DAB /* Pods-eosio-api.release.xcconfig */ = {isa = PBXFileReference; includeInIndex = 1; lastKnownFileType = text.xcconfig; name = "Pods-eosio-api.release.xcconfig"; path = "Pods/Target Support Files/Pods-eosio-api/Pods-eosio-api.release.xcconfig"; sourceTree = "<group>"; };
		A98ECC62653919764DCE389D /* Pods-eosio-apiTests.release.xcconfig */ = {isa = PBXFileReference; includeInIndex = 1; lastKnownFileType = text.xcconfig; name = "Pods-eosio-apiTests.release.xcconfig"; path = "Pods/Target Support Files/Pods-eosio-apiTests/Pods-eosio-apiTests.release.xcconfig"; sourceTree = "<group>"; };
		B874C7849B314D2DCEB1726B /* Pods_eosio_apiTests.framework */ = {isa = PBXFileReference; explicitFileType = wrapper.framework; includeInIndex = 0; path = Pods_eosio_apiTests.framework; sourceTree = BUILT_PRODUCTS_DIR; };
/* End PBXFileReference section */

/* Begin PBXFrameworksBuildPhase section */
		2CCC41E120D149DA00A671A9 /* Frameworks */ = {
			isa = PBXFrameworksBuildPhase;
			buildActionMask = 2147483647;
			files = (
				BF5B77B8763343B5C3B42832 /* Pods_eosio_api.framework in Frameworks */,
			);
			runOnlyForDeploymentPostprocessing = 0;
		};
		2CCC41F520D149DB00A671A9 /* Frameworks */ = {
			isa = PBXFrameworksBuildPhase;
			buildActionMask = 2147483647;
			files = (
				A59302ACED796A019A5098FA /* Pods_eosio_apiTests.framework in Frameworks */,
			);
			runOnlyForDeploymentPostprocessing = 0;
		};
/* End PBXFrameworksBuildPhase section */

/* Begin PBXGroup section */
		2C0B5FE720D2910B00F16A9D /* APIs */ = {
			isa = PBXGroup;
			children = (
				2C314E8E20D63627009B5866 /* EOSIOConfig.swift */,
				2C7C70F120D4BEB600891BAD /* EOSErrorType.swift */,
				2C0B5FEF20D291BD00F16A9D /* EOSAPI.swift */,
				2C0B5FED20D291BD00F16A9D /* EOSHost.swift */,
				2C0B5FEE20D291BD00F16A9D /* RxAPIRequests.swift */,
				2C0B5FF320D2B5F900F16A9D /* RxEOSAPI.swift */,
				2C7C70F320D4DE0C00891BAD /* model */,
				2C314E9520D63D35009B5866 /* manager */,
				2C314E9420D63D35009B5866 /* util */,
			);
			path = APIs;
			sourceTree = "<group>";
		};
		2C314E9420D63D35009B5866 /* util */ = {
			isa = PBXGroup;
			children = (
				2C65EB2520EBC03A00CDDB27 /* Character+extension.swift */,
				2C65EB2720EBC12500CDDB27 /* String+extension.swift */,
				2C314E8C20D60072009B5866 /* Date+extension.swift */,
				2C314EB220D69637009B5866 /* DBObject.swift */,
				2C314EB420D6988A009B5866 /* DispatchQueue.swift */,
				2C314EC120D6A44B009B5866 /* Observable+extension.swift */,
				2C65EB2E20ECF90000CDDB27 /* Hex.swift */,
				2C65EB2220EBBDE900CDDB27 /* eosio */,
			);
			path = util;
			sourceTree = "<group>";
		};
		2C314E9520D63D35009B5866 /* manager */ = {
			isa = PBXGroup;
			children = (
				2C314E9220D63969009B5866 /* WalletManager.swift */,
				2C05C88E20DFDC8B0052CEE4 /* AccountManager.swift */,
			);
			path = manager;
			sourceTree = "<group>";
		};
		2C314EAC20D68C76009B5866 /* ViewControllers */ = {
			isa = PBXGroup;
			children = (
				2CCC41E920D149DA00A671A9 /* ViewController.swift */,
				2C314EAD20D68CCE009B5866 /* CreateWalletViewController.swift */,
				2C314EAF20D68CE4009B5866 /* WalletViewController.swift */,
				2C314ED020D6BE74009B5866 /* SettingViewController.swift */,
				2CFBF33920DBD36B0004CD7C /* MainTabBarViewController.swift */,
				2CFBF33D20DBD78E0004CD7C /* VoteViewController.swift */,
			);
			path = ViewControllers;
			sourceTree = "<group>";
		};
		2C314EB120D68DD4009B5866 /* assets */ = {
			isa = PBXGroup;
			children = (
			);
			path = assets;
			sourceTree = "<group>";
		};
		2C314EB820D69AB3009B5866 /* FlowControllers */ = {
			isa = PBXGroup;
			children = (
				2C314EB920D69AC8009B5866 /* FlowController.swift */,
				2C314EBB20D69B1F009B5866 /* FlowConfigure.swift */,
				2C314ECE20D6B3EC009B5866 /* FlowEventDelegate.swift */,
				2C314EBF20D69FAC009B5866 /* MainFlowController.swift */,
				2C314EBD20D69DE9009B5866 /* CreateWalletFlowController.swift */,
				2C314ECC20D6B361009B5866 /* WalletFlowController.swift */,
				2C314ED220D6C118009B5866 /* SettingFlowController.swift */,
				2CFBF33B20DBD3E30004CD7C /* MainTabBarFlowController.swift */,
			);
			name = FlowControllers;
			path = "eosio-api/FlowControllers";
			sourceTree = SOURCE_ROOT;
		};
		2C314EC320D6A643009B5866 /* Views */ = {
			isa = PBXGroup;
			children = (
				2C314EC820D6AD3A009B5866 /* GradientView.swift */,
				2CFBF33F20DBD8030004CD7C /* BpListCell.swift */,
				2CFBF34120DBD85F0004CD7C /* BpListCell.xib */,
				2C314EC420D6A65F009B5866 /* WalletView.swift */,
				2C314EC620D6A6C3009B5866 /* WalletView.xib */,
			);
			path = Views;
			sourceTree = "<group>";
		};
		2C65EB2220EBBDE900CDDB27 /* eosio */ = {
			isa = PBXGroup;
			children = (
			);
			path = eosio;
			sourceTree = "<group>";
		};
		2C65EB2B20EBCD6500CDDB27 /* eosio */ = {
			isa = PBXGroup;
			children = (
				2C1480D320E8AF6E00878484 /* Packable.swift */,
				2C65EB2320EBBE9000CDDB27 /* EOSName.swift */,
				2C314EA820D656EF009B5866 /* SignedTransaction.swift */,
				2C5D5F1620EE716800DC18FD /* PackedTransaction.swift */,
				2C314EA220D643F4009B5866 /* Transaction.swift */,
				2C65EB2C20ECEC5800CDDB27 /* TransactionHeader.swift */,
				2C314E9E20D63F3B009B5866 /* Action.swift */,
				2C314E9820D63E10009B5866 /* Authorization.swift */,
				2C314E9A20D63E32009B5866 /* Permission.swift */,
			);
			path = eosio;
			sourceTree = "<group>";
		};
		2C65EB3020ED0B6E00CDDB27 /* localWallet */ = {
			isa = PBXGroup;
			children = (
				2C65EB3120ED0B8700CDDB27 /* LocalWallet.swift */,
			);
			path = localWallet;
			sourceTree = "<group>";
		};
		2C65EB4120ED1D1200CDDB27 /* SecureModule */ = {
			isa = PBXGroup;
			children = (
				2C65EB4220ED1D1200CDDB27 /* AESCrypt */,
				2C65EB5020ED1D1200CDDB27 /* Crypto */,
				2C65EB5D20ED1D1200CDDB27 /* EC */,
				2C65EB6A20ED1D1200CDDB27 /* Hash */,
				2C65EB7520ED1D1200CDDB27 /* JKBigInteger */,
			);
			path = SecureModule;
			sourceTree = "<group>";
		};
		2C65EB4220ED1D1200CDDB27 /* AESCrypt */ = {
			isa = PBXGroup;
			children = (
				2C65EB4320ED1D1200CDDB27 /* AESCrypt.h */,
				2C65EB4420ED1D1200CDDB27 /* AESCrypt.m */,
				2C65EB4520ED1D1200CDDB27 /* Base64.h */,
				2C65EB4620ED1D1200CDDB27 /* Base64.m */,
				2C65EB4720ED1D1200CDDB27 /* NSData+CommonCrypto.h */,
				2C65EB4820ED1D1200CDDB27 /* NSData+CommonCrypto.m */,
				2C65EB4920ED1D1200CDDB27 /* NSObject+Extension.h */,
				2C65EB4A20ED1D1200CDDB27 /* NSObject+Extension.m */,
				2C65EB4B20ED1D1200CDDB27 /* PBKDF2.h */,
				2C65EB4C20ED1D1200CDDB27 /* PBKDF2.m */,
			);
			path = AESCrypt;
			sourceTree = "<group>";
		};
		2C65EB5020ED1D1200CDDB27 /* Crypto */ = {
			isa = PBXGroup;
			children = (
				2C08C8AD20F06A530048CC12 /* base58.c */,
				2C08C8A320F06A520048CC12 /* libbase58.h */,
				2C08C8A820F06A520048CC12 /* macros.h */,
				2C08C8AB20F06A530048CC12 /* options.h */,
				2C08C8A520F06A520048CC12 /* rmd160.c */,
				2C08C8AA20F06A530048CC12 /* rmd160.h */,
				2C08C8A920F06A530048CC12 /* sha2.c */,
				2C08C8AE20F06A530048CC12 /* sha2.h */,
				2C08C8A420F06A520048CC12 /* sha3.c */,
				2C08C8A720F06A520048CC12 /* sha3.h */,
				2C08C8AC20F06A530048CC12 /* uECC.c */,
				2C08C8A620F06A520048CC12 /* uECC.h */,
			);
			path = Crypto;
			sourceTree = "<group>";
		};
		2C65EB5D20ED1D1200CDDB27 /* EC */ = {
			isa = PBXGroup;
			children = (
				2C65EB5E20ED1D1200CDDB27 /* EcDsa.h */,
				2C65EB5F20ED1D1200CDDB27 /* EcDsa.m */,
				2C65EB6020ED1D1200CDDB27 /* EOS_Key_Encode.h */,
				2C65EB6120ED1D1200CDDB27 /* EOS_Key_Encode.m */,
				2C65EB6420ED1D1200CDDB27 /* EosPrivateKey.h */,
				2C65EB6520ED1D1200CDDB27 /* EosPrivateKey.m */,
				2C65EBAD20ED3B3B00CDDB27 /* Sha.h */,
				2C65EBAE20ED3B3B00CDDB27 /* Sha.m */,
				2C5D5F1320EE5E1200DC18FD /* Sha256.h */,
				2C5D5F1420EE5E1200DC18FD /* Sha256.m */,
				2C65EBAA20ED21C100CDDB27 /* Crypto.h */,
				2C65EBAB20ED21C100CDDB27 /* Crypto.m */,
			);
			path = EC;
			sourceTree = "<group>";
		};
		2C65EB6A20ED1D1200CDDB27 /* Hash */ = {
			isa = PBXGroup;
			children = (
				2C65EB6B20ED1D1200CDDB27 /* NSString+Hash.h */,
				2C65EB6C20ED1D1200CDDB27 /* NSString+Hash.m */,
			);
			path = Hash;
			sourceTree = "<group>";
		};
		2C65EB7520ED1D1200CDDB27 /* JKBigInteger */ = {
			isa = PBXGroup;
			children = (
				2C65EB7620ED1D1200CDDB27 /* JKBigDecimal.h */,
				2C65EB7720ED1D1200CDDB27 /* JKBigDecimal.m */,
				2C65EB7820ED1D1200CDDB27 /* JKBigInteger.h */,
				2C65EB7920ED1D1200CDDB27 /* JKBigInteger.m */,
				2C65EB7A20ED1D1200CDDB27 /* LibTomMath */,
			);
			path = JKBigInteger;
			sourceTree = "<group>";
		};
		2C65EB7A20ED1D1200CDDB27 /* LibTomMath */ = {
			isa = PBXGroup;
			children = (
				2C65EB7B20ED1D1200CDDB27 /* tommath.c */,
				2C65EB7C20ED1D1200CDDB27 /* tommath.h */,
				2C65EB7D20ED1D1200CDDB27 /* tommath_class.h */,
				2C65EB7E20ED1D1200CDDB27 /* tommath_superclass.h */,
			);
			path = LibTomMath;
			sourceTree = "<group>";
		};
		2C7C70F320D4DE0C00891BAD /* model */ = {
			isa = PBXGroup;
			children = (
				2C314E9020D63710009B5866 /* Wallet.swift */,
				2C64CF9F20E2756900F26EBC /* Account.swift */,
				2C64CFA120E278DF00F26EBC /* Bandwidth.swift */,
				2C64CFA320E27A6C00F26EBC /* Resources.swift */,
				2C5D5CCE20E3D026008E8FA0 /* BlockProducer.swift */,
				2C314EB620D6991C009B5866 /* Key.swift */,
				2C314E9C20D63E65009B5866 /* Contract.swift */,
				2C05C88C20DF68E00052CEE4 /* Contract+Args.swift */,
				2C314EA620D64DEE009B5866 /* Authority.swift */,
				2C314EA020D64174009B5866 /* Block.swift */,
				2C314ECA20D6B054009B5866 /* Currency.swift */,
				2C7C70F420D4DE2E00891BAD /* EOSResponseModel.swift */,
			);
			path = model;
			sourceTree = "<group>";
		};
		2CCC41DB20D149DA00A671A9 = {
			isa = PBXGroup;
			children = (
				2CCC41E620D149DA00A671A9 /* eosio-api */,
				2CCC41FB20D149DB00A671A9 /* eosio-apiTests */,
				2CCC41E520D149DA00A671A9 /* Products */,
				A0CB931AB84C2B5E99A7689E /* Pods */,
				ED7D02B804778813540839DA /* Frameworks */,
			);
			sourceTree = "<group>";
		};
		2CCC41E520D149DA00A671A9 /* Products */ = {
			isa = PBXGroup;
			children = (
				2CCC41E420D149DA00A671A9 /* eosio-api.app */,
				2CCC41F820D149DB00A671A9 /* eosio-apiTests.xctest */,
			);
			name = Products;
			sourceTree = "<group>";
		};
		2CCC41E620D149DA00A671A9 /* eosio-api */ = {
			isa = PBXGroup;
			children = (
				2CCC420720D14C3000A671A9 /* src */,
				2CCC41E720D149DA00A671A9 /* AppDelegate.swift */,
				2C65EBA620ED1E6900CDDB27 /* Bridging-Header.h */,
				2C314EB820D69AB3009B5866 /* FlowControllers */,
				2C314EC320D6A643009B5866 /* Views */,
				2C314EAC20D68C76009B5866 /* ViewControllers */,
				2CCC41EB20D149DA00A671A9 /* Main.storyboard */,
				2C314EB120D68DD4009B5866 /* assets */,
				2CCC41EE20D149DB00A671A9 /* Assets.xcassets */,
				2CCC41F020D149DB00A671A9 /* LaunchScreen.storyboard */,
				2CCC41F320D149DB00A671A9 /* Info.plist */,
			);
			path = "eosio-api";
			sourceTree = "<group>";
		};
		2CCC41FB20D149DB00A671A9 /* eosio-apiTests */ = {
			isa = PBXGroup;
			children = (
				2CCC41FC20D149DB00A671A9 /* eosio_apiTests.swift */,
				2CCC41FE20D149DB00A671A9 /* Info.plist */,
			);
			path = "eosio-apiTests";
			sourceTree = "<group>";
		};
		2CCC420720D14C3000A671A9 /* src */ = {
			isa = PBXGroup;
			children = (
				2C65EB4120ED1D1200CDDB27 /* SecureModule */,
				2C65EB3020ED0B6E00CDDB27 /* localWallet */,
				2C65EB2B20EBCD6500CDDB27 /* eosio */,
				2C0B5FE720D2910B00F16A9D /* APIs */,
				2C0B5FEB20D2916A00F16A9D /* JSON.swift */,
			);
			path = src;
			sourceTree = "<group>";
		};
		A0CB931AB84C2B5E99A7689E /* Pods */ = {
			isa = PBXGroup;
			children = (
				92E0DA78DF1D8785ECACE181 /* Pods-eosio-api.debug.xcconfig */,
				977D5A0D65C994503AF49DAB /* Pods-eosio-api.release.xcconfig */,
				41BD664B4DA499AD750E47FE /* Pods-eosio-apiTests.debug.xcconfig */,
				A98ECC62653919764DCE389D /* Pods-eosio-apiTests.release.xcconfig */,
			);
			name = Pods;
			sourceTree = "<group>";
		};
		ED7D02B804778813540839DA /* Frameworks */ = {
			isa = PBXGroup;
			children = (
				67C014B7CA9527702588557B /* Pods_eosio_api.framework */,
				B874C7849B314D2DCEB1726B /* Pods_eosio_apiTests.framework */,
			);
			name = Frameworks;
			sourceTree = "<group>";
		};
/* End PBXGroup section */

/* Begin PBXNativeTarget section */
		2CCC41E320D149DA00A671A9 /* eosio-api */ = {
			isa = PBXNativeTarget;
			buildConfigurationList = 2CCC420120D149DB00A671A9 /* Build configuration list for PBXNativeTarget "eosio-api" */;
			buildPhases = (
				0DB405C8749F4690ECD00D4A /* [CP] Check Pods Manifest.lock */,
				2CCC41E020D149DA00A671A9 /* Sources */,
				2CCC41E120D149DA00A671A9 /* Frameworks */,
				2CCC41E220D149DA00A671A9 /* Resources */,
				B510AC859502A2DF7039812E /* [CP] Embed Pods Frameworks */,
			);
			buildRules = (
			);
			dependencies = (
			);
			name = "eosio-api";
			productName = "eosio-api";
			productReference = 2CCC41E420D149DA00A671A9 /* eosio-api.app */;
			productType = "com.apple.product-type.application";
		};
		2CCC41F720D149DB00A671A9 /* eosio-apiTests */ = {
			isa = PBXNativeTarget;
			buildConfigurationList = 2CCC420420D149DB00A671A9 /* Build configuration list for PBXNativeTarget "eosio-apiTests" */;
			buildPhases = (
				5886E1EB98D79EEAAD1F1A70 /* [CP] Check Pods Manifest.lock */,
				2CCC41F420D149DB00A671A9 /* Sources */,
				2CCC41F520D149DB00A671A9 /* Frameworks */,
				2CCC41F620D149DB00A671A9 /* Resources */,
			);
			buildRules = (
			);
			dependencies = (
				2CCC41FA20D149DB00A671A9 /* PBXTargetDependency */,
			);
			name = "eosio-apiTests";
			productName = "eosio-apiTests";
			productReference = 2CCC41F820D149DB00A671A9 /* eosio-apiTests.xctest */;
			productType = "com.apple.product-type.bundle.unit-test";
		};
/* End PBXNativeTarget section */

/* Begin PBXProject section */
		2CCC41DC20D149DA00A671A9 /* Project object */ = {
			isa = PBXProject;
			attributes = {
				LastSwiftUpdateCheck = 0940;
				LastUpgradeCheck = 0940;
				ORGANIZATIONNAME = kein;
				TargetAttributes = {
					2CCC41E320D149DA00A671A9 = {
						CreatedOnToolsVersion = 9.4;
						LastSwiftMigration = 0940;
					};
					2CCC41F720D149DB00A671A9 = {
						CreatedOnToolsVersion = 9.4;
						TestTargetID = 2CCC41E320D149DA00A671A9;
					};
				};
			};
			buildConfigurationList = 2CCC41DF20D149DA00A671A9 /* Build configuration list for PBXProject "eosio-api" */;
			compatibilityVersion = "Xcode 9.3";
			developmentRegion = en;
			hasScannedForEncodings = 0;
			knownRegions = (
				en,
				Base,
			);
			mainGroup = 2CCC41DB20D149DA00A671A9;
			productRefGroup = 2CCC41E520D149DA00A671A9 /* Products */;
			projectDirPath = "";
			projectRoot = "";
			targets = (
				2CCC41E320D149DA00A671A9 /* eosio-api */,
				2CCC41F720D149DB00A671A9 /* eosio-apiTests */,
			);
		};
/* End PBXProject section */

/* Begin PBXResourcesBuildPhase section */
		2CCC41E220D149DA00A671A9 /* Resources */ = {
			isa = PBXResourcesBuildPhase;
			buildActionMask = 2147483647;
			files = (
				2CCC41F220D149DB00A671A9 /* LaunchScreen.storyboard in Resources */,
				2CCC41EF20D149DB00A671A9 /* Assets.xcassets in Resources */,
				2CCC41ED20D149DA00A671A9 /* Main.storyboard in Resources */,
				2C314EC720D6A6C3009B5866 /* WalletView.xib in Resources */,
				2CFBF34220DBD85F0004CD7C /* BpListCell.xib in Resources */,
			);
			runOnlyForDeploymentPostprocessing = 0;
		};
		2CCC41F620D149DB00A671A9 /* Resources */ = {
			isa = PBXResourcesBuildPhase;
			buildActionMask = 2147483647;
			files = (
			);
			runOnlyForDeploymentPostprocessing = 0;
		};
/* End PBXResourcesBuildPhase section */

/* Begin PBXShellScriptBuildPhase section */
		0DB405C8749F4690ECD00D4A /* [CP] Check Pods Manifest.lock */ = {
			isa = PBXShellScriptBuildPhase;
			buildActionMask = 2147483647;
			files = (
			);
			inputPaths = (
				"${PODS_PODFILE_DIR_PATH}/Podfile.lock",
				"${PODS_ROOT}/Manifest.lock",
			);
			name = "[CP] Check Pods Manifest.lock";
			outputPaths = (
				"$(DERIVED_FILE_DIR)/Pods-eosio-api-checkManifestLockResult.txt",
			);
			runOnlyForDeploymentPostprocessing = 0;
			shellPath = /bin/sh;
			shellScript = "diff \"${PODS_PODFILE_DIR_PATH}/Podfile.lock\" \"${PODS_ROOT}/Manifest.lock\" > /dev/null\nif [ $? != 0 ] ; then\n    # print error to STDERR\n    echo \"error: The sandbox is not in sync with the Podfile.lock. Run 'pod install' or update your CocoaPods installation.\" >&2\n    exit 1\nfi\n# This output is used by Xcode 'outputs' to avoid re-running this script phase.\necho \"SUCCESS\" > \"${SCRIPT_OUTPUT_FILE_0}\"\n";
			showEnvVarsInLog = 0;
		};
		5886E1EB98D79EEAAD1F1A70 /* [CP] Check Pods Manifest.lock */ = {
			isa = PBXShellScriptBuildPhase;
			buildActionMask = 2147483647;
			files = (
			);
			inputPaths = (
				"${PODS_PODFILE_DIR_PATH}/Podfile.lock",
				"${PODS_ROOT}/Manifest.lock",
			);
			name = "[CP] Check Pods Manifest.lock";
			outputPaths = (
				"$(DERIVED_FILE_DIR)/Pods-eosio-apiTests-checkManifestLockResult.txt",
			);
			runOnlyForDeploymentPostprocessing = 0;
			shellPath = /bin/sh;
			shellScript = "diff \"${PODS_PODFILE_DIR_PATH}/Podfile.lock\" \"${PODS_ROOT}/Manifest.lock\" > /dev/null\nif [ $? != 0 ] ; then\n    # print error to STDERR\n    echo \"error: The sandbox is not in sync with the Podfile.lock. Run 'pod install' or update your CocoaPods installation.\" >&2\n    exit 1\nfi\n# This output is used by Xcode 'outputs' to avoid re-running this script phase.\necho \"SUCCESS\" > \"${SCRIPT_OUTPUT_FILE_0}\"\n";
			showEnvVarsInLog = 0;
		};
		B510AC859502A2DF7039812E /* [CP] Embed Pods Frameworks */ = {
			isa = PBXShellScriptBuildPhase;
			buildActionMask = 2147483647;
			files = (
			);
			inputPaths = (
				"${SRCROOT}/Pods/Target Support Files/Pods-eosio-api/Pods-eosio-api-frameworks.sh",
				"${BUILT_PRODUCTS_DIR}/Alamofire/Alamofire.framework",
				"${BUILT_PRODUCTS_DIR}/EllipticCurveKeyPair/EllipticCurveKeyPair.framework",
				"${BUILT_PRODUCTS_DIR}/Realm/Realm.framework",
				"${BUILT_PRODUCTS_DIR}/RealmSwift/RealmSwift.framework",
				"${BUILT_PRODUCTS_DIR}/RxCocoa/RxCocoa.framework",
				"${BUILT_PRODUCTS_DIR}/RxSwift/RxSwift.framework",
			);
			name = "[CP] Embed Pods Frameworks";
			outputPaths = (
				"${TARGET_BUILD_DIR}/${FRAMEWORKS_FOLDER_PATH}/Alamofire.framework",
				"${TARGET_BUILD_DIR}/${FRAMEWORKS_FOLDER_PATH}/EllipticCurveKeyPair.framework",
				"${TARGET_BUILD_DIR}/${FRAMEWORKS_FOLDER_PATH}/Realm.framework",
				"${TARGET_BUILD_DIR}/${FRAMEWORKS_FOLDER_PATH}/RealmSwift.framework",
				"${TARGET_BUILD_DIR}/${FRAMEWORKS_FOLDER_PATH}/RxCocoa.framework",
				"${TARGET_BUILD_DIR}/${FRAMEWORKS_FOLDER_PATH}/RxSwift.framework",
			);
			runOnlyForDeploymentPostprocessing = 0;
			shellPath = /bin/sh;
			shellScript = "\"${SRCROOT}/Pods/Target Support Files/Pods-eosio-api/Pods-eosio-api-frameworks.sh\"\n";
			showEnvVarsInLog = 0;
		};
/* End PBXShellScriptBuildPhase section */

/* Begin PBXSourcesBuildPhase section */
		2CCC41E020D149DA00A671A9 /* Sources */ = {
			isa = PBXSourcesBuildPhase;
			buildActionMask = 2147483647;
			files = (
				2C314E9320D63969009B5866 /* WalletManager.swift in Sources */,
				2C65EB9120ED1D1200CDDB27 /* NSString+Hash.m in Sources */,
				2C314EC520D6A65F009B5866 /* WalletView.swift in Sources */,
				2C314EC220D6A44B009B5866 /* Observable+extension.swift in Sources */,
				2C314EAE20D68CCE009B5866 /* CreateWalletViewController.swift in Sources */,
				2CFBF33A20DBD36B0004CD7C /* MainTabBarViewController.swift in Sources */,
				2CFBF34020DBD8030004CD7C /* BpListCell.swift in Sources */,
				2C314E9120D63710009B5866 /* Wallet.swift in Sources */,
				2C314E8F20D63627009B5866 /* EOSIOConfig.swift in Sources */,
				2C08C8B120F06A530048CC12 /* sha2.c in Sources */,
				2C65EB2820EBC12500CDDB27 /* String+extension.swift in Sources */,
				2C314EB020D68CE4009B5866 /* WalletViewController.swift in Sources */,
				2CFBF33E20DBD78E0004CD7C /* VoteViewController.swift in Sources */,
				2C7C70F220D4BEB600891BAD /* EOSErrorType.swift in Sources */,
				2C1480D420E8AF6E00878484 /* Packable.swift in Sources */,
				2C5D5F1520EE5E1200DC18FD /* Sha256.m in Sources */,
				2C314EBA20D69AC8009B5866 /* FlowController.swift in Sources */,
				2C65EB9720ED1D1200CDDB27 /* JKBigInteger.m in Sources */,
				2C0B5FF120D291BD00F16A9D /* RxAPIRequests.swift in Sources */,
				2C5D5F1720EE716800DC18FD /* PackedTransaction.swift in Sources */,
				2C65EB2F20ECF90000CDDB27 /* Hex.swift in Sources */,
				2C5D5CCF20E3D026008E8FA0 /* BlockProducer.swift in Sources */,
				2C65EB9620ED1D1200CDDB27 /* JKBigDecimal.m in Sources */,
				2C08C8AF20F06A530048CC12 /* sha3.c in Sources */,
				2C314E9920D63E10009B5866 /* Authorization.swift in Sources */,
				2C65EB2420EBBE9000CDDB27 /* EOSName.swift in Sources */,
				2C0B5FEC20D2916A00F16A9D /* JSON.swift in Sources */,
				2C314EA720D64DEE009B5866 /* Authority.swift in Sources */,
				2C65EB7F20ED1D1200CDDB27 /* AESCrypt.m in Sources */,
				2C08C8B320F06A530048CC12 /* base58.c in Sources */,
				2C65EB8E20ED1D1200CDDB27 /* EosPrivateKey.m in Sources */,
				2C314EB720D6991C009B5866 /* Key.swift in Sources */,
				2C314EB520D6988A009B5866 /* DispatchQueue.swift in Sources */,
				2C314EBE20D69DE9009B5866 /* CreateWalletFlowController.swift in Sources */,
				2C314ECF20D6B3EC009B5866 /* FlowEventDelegate.swift in Sources */,
				2C314ED120D6BE74009B5866 /* SettingViewController.swift in Sources */,
				2C314E9D20D63E65009B5866 /* Contract.swift in Sources */,
				2C05C88D20DF68E00052CEE4 /* Contract+Args.swift in Sources */,
				2C05C88F20DFDC8B0052CEE4 /* AccountManager.swift in Sources */,
				2C0B5FF220D291BD00F16A9D /* EOSAPI.swift in Sources */,
				2C314E9F20D63F3B009B5866 /* Action.swift in Sources */,
				2C65EB3220ED0B8700CDDB27 /* LocalWallet.swift in Sources */,
				2C314EA920D656EF009B5866 /* SignedTransaction.swift in Sources */,
				2C0B5FF020D291BD00F16A9D /* EOSHost.swift in Sources */,
				2C314EC920D6AD3B009B5866 /* GradientView.swift in Sources */,
				2C314EBC20D69B1F009B5866 /* FlowConfigure.swift in Sources */,
				2C64CFA020E2756900F26EBC /* Account.swift in Sources */,
				2C65EB8C20ED1D1200CDDB27 /* EOS_Key_Encode.m in Sources */,
				2C64CFA220E278DF00F26EBC /* Bandwidth.swift in Sources */,
				2C65EB8020ED1D1200CDDB27 /* Base64.m in Sources */,
				2C314EA320D643F4009B5866 /* Transaction.swift in Sources */,
				2C0B5FF420D2B5F900F16A9D /* RxEOSAPI.swift in Sources */,
				2C64CFA420E27A6C00F26EBC /* Resources.swift in Sources */,
				2C314ECD20D6B361009B5866 /* WalletFlowController.swift in Sources */,
				2C314ED320D6C118009B5866 /* SettingFlowController.swift in Sources */,
				2C65EB2620EBC03A00CDDB27 /* Character+extension.swift in Sources */,
				2C65EB8220ED1D1200CDDB27 /* NSObject+Extension.m in Sources */,
				2C314ECB20D6B054009B5866 /* Currency.swift in Sources */,
				2C08C8B020F06A530048CC12 /* rmd160.c in Sources */,
				2C65EB8B20ED1D1200CDDB27 /* EcDsa.m in Sources */,
				2C65EBAF20ED3B3B00CDDB27 /* Sha.m in Sources */,
				2C314EB320D69637009B5866 /* DBObject.swift in Sources */,
				2C65EBAC20ED21C100CDDB27 /* Crypto.m in Sources */,
				2C65EB2D20ECEC5800CDDB27 /* TransactionHeader.swift in Sources */,
				2C65EB8320ED1D1200CDDB27 /* PBKDF2.m in Sources */,
				2C65EB9820ED1D1200CDDB27 /* tommath.c in Sources */,
				2C314E8D20D60072009B5866 /* Date+extension.swift in Sources */,
				2CCC41EA20D149DA00A671A9 /* ViewController.swift in Sources */,
				2CCC41E820D149DA00A671A9 /* AppDelegate.swift in Sources */,
				2C314EA120D64174009B5866 /* Block.swift in Sources */,
				2C314EC020D69FAC009B5866 /* MainFlowController.swift in Sources */,
				2C08C8B220F06A530048CC12 /* uECC.c in Sources */,
				2C7C70F520D4DE2E00891BAD /* EOSResponseModel.swift in Sources */,
				2CFBF33C20DBD3E30004CD7C /* MainTabBarFlowController.swift in Sources */,
				2C65EB8120ED1D1200CDDB27 /* NSData+CommonCrypto.m in Sources */,
				2C314E9B20D63E32009B5866 /* Permission.swift in Sources */,
			);
			runOnlyForDeploymentPostprocessing = 0;
		};
		2CCC41F420D149DB00A671A9 /* Sources */ = {
			isa = PBXSourcesBuildPhase;
			buildActionMask = 2147483647;
			files = (
				2CCC41FD20D149DB00A671A9 /* eosio_apiTests.swift in Sources */,
			);
			runOnlyForDeploymentPostprocessing = 0;
		};
/* End PBXSourcesBuildPhase section */

/* Begin PBXTargetDependency section */
		2CCC41FA20D149DB00A671A9 /* PBXTargetDependency */ = {
			isa = PBXTargetDependency;
			target = 2CCC41E320D149DA00A671A9 /* eosio-api */;
			targetProxy = 2CCC41F920D149DB00A671A9 /* PBXContainerItemProxy */;
		};
/* End PBXTargetDependency section */

/* Begin PBXVariantGroup section */
		2CCC41EB20D149DA00A671A9 /* Main.storyboard */ = {
			isa = PBXVariantGroup;
			children = (
				2CCC41EC20D149DA00A671A9 /* Base */,
			);
			name = Main.storyboard;
			sourceTree = "<group>";
		};
		2CCC41F020D149DB00A671A9 /* LaunchScreen.storyboard */ = {
			isa = PBXVariantGroup;
			children = (
				2CCC41F120D149DB00A671A9 /* Base */,
			);
			name = LaunchScreen.storyboard;
			sourceTree = "<group>";
		};
/* End PBXVariantGroup section */

/* Begin XCBuildConfiguration section */
		2CCC41FF20D149DB00A671A9 /* Debug */ = {
			isa = XCBuildConfiguration;
			buildSettings = {
				ALWAYS_SEARCH_USER_PATHS = NO;
				CLANG_ANALYZER_NONNULL = YES;
				CLANG_ANALYZER_NUMBER_OBJECT_CONVERSION = YES_AGGRESSIVE;
				CLANG_CXX_LANGUAGE_STANDARD = "gnu++14";
				CLANG_CXX_LIBRARY = "libc++";
				CLANG_ENABLE_MODULES = YES;
				CLANG_ENABLE_OBJC_ARC = YES;
				CLANG_ENABLE_OBJC_WEAK = YES;
				CLANG_WARN_BLOCK_CAPTURE_AUTORELEASING = YES;
				CLANG_WARN_BOOL_CONVERSION = YES;
				CLANG_WARN_COMMA = YES;
				CLANG_WARN_CONSTANT_CONVERSION = YES;
				CLANG_WARN_DEPRECATED_OBJC_IMPLEMENTATIONS = YES;
				CLANG_WARN_DIRECT_OBJC_ISA_USAGE = YES_ERROR;
				CLANG_WARN_DOCUMENTATION_COMMENTS = YES;
				CLANG_WARN_EMPTY_BODY = YES;
				CLANG_WARN_ENUM_CONVERSION = YES;
				CLANG_WARN_INFINITE_RECURSION = YES;
				CLANG_WARN_INT_CONVERSION = YES;
				CLANG_WARN_NON_LITERAL_NULL_CONVERSION = YES;
				CLANG_WARN_OBJC_IMPLICIT_RETAIN_SELF = YES;
				CLANG_WARN_OBJC_LITERAL_CONVERSION = YES;
				CLANG_WARN_OBJC_ROOT_CLASS = YES_ERROR;
				CLANG_WARN_RANGE_LOOP_ANALYSIS = YES;
				CLANG_WARN_STRICT_PROTOTYPES = YES;
				CLANG_WARN_SUSPICIOUS_MOVE = YES;
				CLANG_WARN_UNGUARDED_AVAILABILITY = YES_AGGRESSIVE;
				CLANG_WARN_UNREACHABLE_CODE = YES;
				CLANG_WARN__DUPLICATE_METHOD_MATCH = YES;
				CODE_SIGN_IDENTITY = "iPhone Developer";
				COPY_PHASE_STRIP = NO;
				DEBUG_INFORMATION_FORMAT = dwarf;
				ENABLE_STRICT_OBJC_MSGSEND = YES;
				ENABLE_TESTABILITY = YES;
				GCC_C_LANGUAGE_STANDARD = gnu11;
				GCC_DYNAMIC_NO_PIC = NO;
				GCC_NO_COMMON_BLOCKS = YES;
				GCC_OPTIMIZATION_LEVEL = 0;
				GCC_PREPROCESSOR_DEFINITIONS = (
					"DEBUG=1",
					"$(inherited)",
				);
				GCC_WARN_64_TO_32_BIT_CONVERSION = YES;
				GCC_WARN_ABOUT_RETURN_TYPE = YES_ERROR;
				GCC_WARN_UNDECLARED_SELECTOR = YES;
				GCC_WARN_UNINITIALIZED_AUTOS = YES_AGGRESSIVE;
				GCC_WARN_UNUSED_FUNCTION = YES;
				GCC_WARN_UNUSED_VARIABLE = YES;
				IPHONEOS_DEPLOYMENT_TARGET = 11.4;
				MTL_ENABLE_DEBUG_INFO = YES;
				ONLY_ACTIVE_ARCH = YES;
				SDKROOT = iphoneos;
				SWIFT_ACTIVE_COMPILATION_CONDITIONS = DEBUG;
				SWIFT_OPTIMIZATION_LEVEL = "-Onone";
			};
			name = Debug;
		};
		2CCC420020D149DB00A671A9 /* Release */ = {
			isa = XCBuildConfiguration;
			buildSettings = {
				ALWAYS_SEARCH_USER_PATHS = NO;
				CLANG_ANALYZER_NONNULL = YES;
				CLANG_ANALYZER_NUMBER_OBJECT_CONVERSION = YES_AGGRESSIVE;
				CLANG_CXX_LANGUAGE_STANDARD = "gnu++14";
				CLANG_CXX_LIBRARY = "libc++";
				CLANG_ENABLE_MODULES = YES;
				CLANG_ENABLE_OBJC_ARC = YES;
				CLANG_ENABLE_OBJC_WEAK = YES;
				CLANG_WARN_BLOCK_CAPTURE_AUTORELEASING = YES;
				CLANG_WARN_BOOL_CONVERSION = YES;
				CLANG_WARN_COMMA = YES;
				CLANG_WARN_CONSTANT_CONVERSION = YES;
				CLANG_WARN_DEPRECATED_OBJC_IMPLEMENTATIONS = YES;
				CLANG_WARN_DIRECT_OBJC_ISA_USAGE = YES_ERROR;
				CLANG_WARN_DOCUMENTATION_COMMENTS = YES;
				CLANG_WARN_EMPTY_BODY = YES;
				CLANG_WARN_ENUM_CONVERSION = YES;
				CLANG_WARN_INFINITE_RECURSION = YES;
				CLANG_WARN_INT_CONVERSION = YES;
				CLANG_WARN_NON_LITERAL_NULL_CONVERSION = YES;
				CLANG_WARN_OBJC_IMPLICIT_RETAIN_SELF = YES;
				CLANG_WARN_OBJC_LITERAL_CONVERSION = YES;
				CLANG_WARN_OBJC_ROOT_CLASS = YES_ERROR;
				CLANG_WARN_RANGE_LOOP_ANALYSIS = YES;
				CLANG_WARN_STRICT_PROTOTYPES = YES;
				CLANG_WARN_SUSPICIOUS_MOVE = YES;
				CLANG_WARN_UNGUARDED_AVAILABILITY = YES_AGGRESSIVE;
				CLANG_WARN_UNREACHABLE_CODE = YES;
				CLANG_WARN__DUPLICATE_METHOD_MATCH = YES;
				CODE_SIGN_IDENTITY = "iPhone Developer";
				COPY_PHASE_STRIP = NO;
				DEBUG_INFORMATION_FORMAT = "dwarf-with-dsym";
				ENABLE_NS_ASSERTIONS = NO;
				ENABLE_STRICT_OBJC_MSGSEND = YES;
				GCC_C_LANGUAGE_STANDARD = gnu11;
				GCC_NO_COMMON_BLOCKS = YES;
				GCC_WARN_64_TO_32_BIT_CONVERSION = YES;
				GCC_WARN_ABOUT_RETURN_TYPE = YES_ERROR;
				GCC_WARN_UNDECLARED_SELECTOR = YES;
				GCC_WARN_UNINITIALIZED_AUTOS = YES_AGGRESSIVE;
				GCC_WARN_UNUSED_FUNCTION = YES;
				GCC_WARN_UNUSED_VARIABLE = YES;
				IPHONEOS_DEPLOYMENT_TARGET = 11.4;
				MTL_ENABLE_DEBUG_INFO = NO;
				SDKROOT = iphoneos;
				SWIFT_COMPILATION_MODE = wholemodule;
				SWIFT_OPTIMIZATION_LEVEL = "-O";
				VALIDATE_PRODUCT = YES;
			};
			name = Release;
		};
		2CCC420220D149DB00A671A9 /* Debug */ = {
			isa = XCBuildConfiguration;
			baseConfigurationReference = 92E0DA78DF1D8785ECACE181 /* Pods-eosio-api.debug.xcconfig */;
			buildSettings = {
				ASSETCATALOG_COMPILER_APPICON_NAME = AppIcon;
				CLANG_ENABLE_MODULES = YES;
				CODE_SIGN_STYLE = Automatic;
				DEVELOPMENT_TEAM = MY5T2D475Y;
				ENABLE_BITCODE = NO;
				INFOPLIST_FILE = "eosio-api/Info.plist";
				LD_RUNPATH_SEARCH_PATHS = (
					"$(inherited)",
					"@executable_path/Frameworks",
				);
				LIBRARY_SEARCH_PATHS = (
					"$(inherited)",
					"$(PROJECT_DIR)/eosio-api/src/crypto",
				);
				PRODUCT_BUNDLE_IDENTIFIER = "com.peta-vision.eosio-api";
				PRODUCT_NAME = "$(TARGET_NAME)";
				SWIFT_INSTALL_OBJC_HEADER = YES;
				SWIFT_OBJC_BRIDGING_HEADER = "eosio-api/Bridging-Header.h";
				SWIFT_OPTIMIZATION_LEVEL = "-Onone";
				SWIFT_PRECOMPILE_BRIDGING_HEADER = YES;
				SWIFT_VERSION = 4.0;
				TARGETED_DEVICE_FAMILY = "1,2";
				VALID_ARCHS = arm64;
			};
			name = Debug;
		};
		2CCC420320D149DB00A671A9 /* Release */ = {
			isa = XCBuildConfiguration;
			baseConfigurationReference = 977D5A0D65C994503AF49DAB /* Pods-eosio-api.release.xcconfig */;
			buildSettings = {
				ASSETCATALOG_COMPILER_APPICON_NAME = AppIcon;
				CLANG_ENABLE_MODULES = YES;
				CODE_SIGN_STYLE = Automatic;
				DEVELOPMENT_TEAM = MY5T2D475Y;
				ENABLE_BITCODE = NO;
				INFOPLIST_FILE = "eosio-api/Info.plist";
				LD_RUNPATH_SEARCH_PATHS = (
					"$(inherited)",
					"@executable_path/Frameworks",
				);
				LIBRARY_SEARCH_PATHS = (
					"$(inherited)",
					"$(PROJECT_DIR)/eosio-api/src/crypto",
				);
				PRODUCT_BUNDLE_IDENTIFIER = "com.peta-vision.eosio-api";
				PRODUCT_NAME = "$(TARGET_NAME)";
				SWIFT_INSTALL_OBJC_HEADER = YES;
				SWIFT_OBJC_BRIDGING_HEADER = "eosio-api/Bridging-Header.h";
				SWIFT_PRECOMPILE_BRIDGING_HEADER = YES;
				SWIFT_VERSION = 4.0;
				TARGETED_DEVICE_FAMILY = "1,2";
				VALID_ARCHS = arm64;
			};
			name = Release;
		};
		2CCC420520D149DB00A671A9 /* Debug */ = {
			isa = XCBuildConfiguration;
			baseConfigurationReference = 41BD664B4DA499AD750E47FE /* Pods-eosio-apiTests.debug.xcconfig */;
			buildSettings = {
				ALWAYS_EMBED_SWIFT_STANDARD_LIBRARIES = YES;
				BUNDLE_LOADER = "$(TEST_HOST)";
				CODE_SIGN_STYLE = Automatic;
				DEVELOPMENT_TEAM = MY5T2D475Y;
				INFOPLIST_FILE = "eosio-apiTests/Info.plist";
				LD_RUNPATH_SEARCH_PATHS = (
					"$(inherited)",
					"@executable_path/Frameworks",
					"@loader_path/Frameworks",
				);
				PRODUCT_BUNDLE_IDENTIFIER = "com.peta-vision.eosio-apiTests";
				PRODUCT_NAME = "$(TARGET_NAME)";
				SWIFT_VERSION = 4.0;
				TARGETED_DEVICE_FAMILY = "1,2";
				TEST_HOST = "$(BUILT_PRODUCTS_DIR)/eosio-api.app/eosio-api";
			};
			name = Debug;
		};
		2CCC420620D149DB00A671A9 /* Release */ = {
			isa = XCBuildConfiguration;
			baseConfigurationReference = A98ECC62653919764DCE389D /* Pods-eosio-apiTests.release.xcconfig */;
			buildSettings = {
				ALWAYS_EMBED_SWIFT_STANDARD_LIBRARIES = YES;
				BUNDLE_LOADER = "$(TEST_HOST)";
				CODE_SIGN_STYLE = Automatic;
				DEVELOPMENT_TEAM = MY5T2D475Y;
				INFOPLIST_FILE = "eosio-apiTests/Info.plist";
				LD_RUNPATH_SEARCH_PATHS = (
					"$(inherited)",
					"@executable_path/Frameworks",
					"@loader_path/Frameworks",
				);
				PRODUCT_BUNDLE_IDENTIFIER = "com.peta-vision.eosio-apiTests";
				PRODUCT_NAME = "$(TARGET_NAME)";
				SWIFT_VERSION = 4.0;
				TARGETED_DEVICE_FAMILY = "1,2";
				TEST_HOST = "$(BUILT_PRODUCTS_DIR)/eosio-api.app/eosio-api";
			};
			name = Release;
		};
/* End XCBuildConfiguration section */

/* Begin XCConfigurationList section */
		2CCC41DF20D149DA00A671A9 /* Build configuration list for PBXProject "eosio-api" */ = {
			isa = XCConfigurationList;
			buildConfigurations = (
				2CCC41FF20D149DB00A671A9 /* Debug */,
				2CCC420020D149DB00A671A9 /* Release */,
			);
			defaultConfigurationIsVisible = 0;
			defaultConfigurationName = Release;
		};
		2CCC420120D149DB00A671A9 /* Build configuration list for PBXNativeTarget "eosio-api" */ = {
			isa = XCConfigurationList;
			buildConfigurations = (
				2CCC420220D149DB00A671A9 /* Debug */,
				2CCC420320D149DB00A671A9 /* Release */,
			);
			defaultConfigurationIsVisible = 0;
			defaultConfigurationName = Release;
		};
		2CCC420420D149DB00A671A9 /* Build configuration list for PBXNativeTarget "eosio-apiTests" */ = {
			isa = XCConfigurationList;
			buildConfigurations = (
				2CCC420520D149DB00A671A9 /* Debug */,
				2CCC420620D149DB00A671A9 /* Release */,
			);
			defaultConfigurationIsVisible = 0;
			defaultConfigurationName = Release;
		};
/* End XCConfigurationList section */
	};
	rootObject = 2CCC41DC20D149DA00A671A9 /* Project object */;
}
